// !$*UTF8*$!
{
	archiveVersion = 1;
	classes = {
	};
	objectVersion = 46;
	objects = {

/* Begin PBXBuildFile section */
		1313515F1CAC046400D81328 /* myOAuthView_C.m in Sources */ = {isa = PBXBuildFile; fileRef = 1313515E1CAC046400D81328 /* myOAuthView_C.m */; };
		131351741CAC1B7500D81328 /* AFHTTPRequestOperation.m in Sources */ = {isa = PBXBuildFile; fileRef = 131351621CAC1B7500D81328 /* AFHTTPRequestOperation.m */; };
		131351751CAC1B7500D81328 /* AFHTTPRequestOperationManager.m in Sources */ = {isa = PBXBuildFile; fileRef = 131351641CAC1B7500D81328 /* AFHTTPRequestOperationManager.m */; };
		131351761CAC1B7500D81328 /* AFHTTPSessionManager.m in Sources */ = {isa = PBXBuildFile; fileRef = 131351661CAC1B7500D81328 /* AFHTTPSessionManager.m */; };
		131351771CAC1B7500D81328 /* AFNetworkReachabilityManager.m in Sources */ = {isa = PBXBuildFile; fileRef = 131351691CAC1B7500D81328 /* AFNetworkReachabilityManager.m */; };
		131351781CAC1B7500D81328 /* AFSecurityPolicy.m in Sources */ = {isa = PBXBuildFile; fileRef = 1313516B1CAC1B7500D81328 /* AFSecurityPolicy.m */; };
		131351791CAC1B7500D81328 /* AFURLConnectionOperation.m in Sources */ = {isa = PBXBuildFile; fileRef = 1313516D1CAC1B7500D81328 /* AFURLConnectionOperation.m */; };
		1313517A1CAC1B7500D81328 /* AFURLRequestSerialization.m in Sources */ = {isa = PBXBuildFile; fileRef = 1313516F1CAC1B7500D81328 /* AFURLRequestSerialization.m */; };
		1313517B1CAC1B7500D81328 /* AFURLResponseSerialization.m in Sources */ = {isa = PBXBuildFile; fileRef = 131351711CAC1B7500D81328 /* AFURLResponseSerialization.m */; };
		1313517C1CAC1B7500D81328 /* AFURLSessionManager.m in Sources */ = {isa = PBXBuildFile; fileRef = 131351731CAC1B7500D81328 /* AFURLSessionManager.m */; };
		133B677A1CA8E6C90031AF5C /* myButtomButton.m in Sources */ = {isa = PBXBuildFile; fileRef = 133B67791CA8E6C90031AF5C /* myButtomButton.m */; };
		133E7A9E1CACC71A007436A1 /* OAuth_Model.m in Sources */ = {isa = PBXBuildFile; fileRef = 133E7A9D1CACC71A007436A1 /* OAuth_Model.m */; };
		1344F8F51CAE20C100E28E5E /* myStatusCell.m in Sources */ = {isa = PBXBuildFile; fileRef = 1344F8F41CAE20C100E28E5E /* myStatusCell.m */; };
		1344F8F81CAE20E300E28E5E /* myTitleButton.m in Sources */ = {isa = PBXBuildFile; fileRef = 1344F8F71CAE20E300E28E5E /* myTitleButton.m */; };
		135252B41CAAAB1800145A27 /* startOncePanel.m in Sources */ = {isa = PBXBuildFile; fileRef = 135252B31CAAAB1800145A27 /* startOncePanel.m */; };
		135374DD1CAE1163001B3B44 /* MJArgument.m in Sources */ = {isa = PBXBuildFile; fileRef = 135374CB1CAE1162001B3B44 /* MJArgument.m */; };
		135374DE1CAE1163001B3B44 /* MJIvar.m in Sources */ = {isa = PBXBuildFile; fileRef = 135374CE1CAE1162001B3B44 /* MJIvar.m */; };
		135374DF1CAE1163001B3B44 /* MJMember.m in Sources */ = {isa = PBXBuildFile; fileRef = 135374D01CAE1163001B3B44 /* MJMember.m */; };
		135374E01CAE1163001B3B44 /* MJMethod.m in Sources */ = {isa = PBXBuildFile; fileRef = 135374D21CAE1163001B3B44 /* MJMethod.m */; };
		135374E11CAE1163001B3B44 /* MJType.m in Sources */ = {isa = PBXBuildFile; fileRef = 135374D41CAE1163001B3B44 /* MJType.m */; };
		135374E21CAE1163001B3B44 /* MJTypeEncoding.m in Sources */ = {isa = PBXBuildFile; fileRef = 135374D61CAE1163001B3B44 /* MJTypeEncoding.m */; };
		135374E31CAE1163001B3B44 /* NSObject+MJCoding.m in Sources */ = {isa = PBXBuildFile; fileRef = 135374D81CAE1163001B3B44 /* NSObject+MJCoding.m */; };
		135374E41CAE1163001B3B44 /* NSObject+MJKeyValue.m in Sources */ = {isa = PBXBuildFile; fileRef = 135374DA1CAE1163001B3B44 /* NSObject+MJKeyValue.m */; };
		135374E51CAE1163001B3B44 /* NSObject+MJMember.m in Sources */ = {isa = PBXBuildFile; fileRef = 135374DC1CAE1163001B3B44 /* NSObject+MJMember.m */; };
		13591CC61CAD14B300C09B42 /* MBProgressHUD+MJ.m in Sources */ = {isa = PBXBuildFile; fileRef = 13591CC21CAD14B300C09B42 /* MBProgressHUD+MJ.m */; };
		13591CC71CAD14B300C09B42 /* MBProgressHUD.bundle in Resources */ = {isa = PBXBuildFile; fileRef = 13591CC31CAD14B300C09B42 /* MBProgressHUD.bundle */; };
		13591CC81CAD14B300C09B42 /* MBProgressHUD.m in Sources */ = {isa = PBXBuildFile; fileRef = 13591CC51CAD14B300C09B42 /* MBProgressHUD.m */; };
		13795B5B1CAD0585002C4D2F /* startRootSelect.m in Sources */ = {isa = PBXBuildFile; fileRef = 13795B5A1CAD0585002C4D2F /* startRootSelect.m */; };
		13795B5E1CAD05D2002C4D2F /* getSetAccountTool.m in Sources */ = {isa = PBXBuildFile; fileRef = 13795B5D1CAD05D2002C4D2F /* getSetAccountTool.m */; };
		137D177F1CB169BA00C5AC31 /* NSDate+myDate.m in Sources */ = {isa = PBXBuildFile; fileRef = 137D177E1CB169BA00C5AC31 /* NSDate+myDate.m */; };
		138E87381CB63E66002315E7 /* new_feature_1-568h@2x.png in Resources */ = {isa = PBXBuildFile; fileRef = 138E87371CB63E66002315E7 /* new_feature_1-568h@2x.png */; };
		138E873B1CB63F10002315E7 /* new_feature_2-568h@2x.png in Resources */ = {isa = PBXBuildFile; fileRef = 138E873A1CB63F10002315E7 /* new_feature_2-568h@2x.png */; };
		138E873D1CB63F1A002315E7 /* new_feature_3-568h@2x.png in Resources */ = {isa = PBXBuildFile; fileRef = 138E873C1CB63F1A002315E7 /* new_feature_3-568h@2x.png */; };
		138EA5481CADED32008520CD /* myStatus_Model.m in Sources */ = {isa = PBXBuildFile; fileRef = 138EA5471CADED32008520CD /* myStatus_Model.m */; };
		138EA54B1CADED65008520CD /* myUser_Model.m in Sources */ = {isa = PBXBuildFile; fileRef = 138EA54A1CADED65008520CD /* myUser_Model.m */; };
		138F99891CB202C200CEED53 /* myStatus_ToolBar.m in Sources */ = {isa = PBXBuildFile; fileRef = 138F99881CB202C200CEED53 /* myStatus_ToolBar.m */; };
		1393CA011CB258A600120F20 /* myReweetStatusView.m in Sources */ = {isa = PBXBuildFile; fileRef = 1393CA001CB258A600120F20 /* myReweetStatusView.m */; };
		1393CA041CB25FD600120F20 /* myTopStatusView.m in Sources */ = {isa = PBXBuildFile; fileRef = 1393CA031CB25FD600120F20 /* myTopStatusView.m */; };
		1393CE701CAE781000F88334 /* myStatusFrame.m in Sources */ = {isa = PBXBuildFile; fileRef = 1393CE6F1CAE781000F88334 /* myStatusFrame.m */; };
		139D9B4E1CAA541400EDC83C /* UIBarButtonItem+TopLeftRight.m in Sources */ = {isa = PBXBuildFile; fileRef = 139D9B4D1CAA541400EDC83C /* UIBarButtonItem+TopLeftRight.m */; };
		139D9B511CAA5E5D00EDC83C /* mySearchText.m in Sources */ = {isa = PBXBuildFile; fileRef = 139D9B501CAA5E5D00EDC83C /* mySearchText.m */; };
		139D9B541CAA72F200EDC83C /* topButton.m in Sources */ = {isa = PBXBuildFile; fileRef = 139D9B531CAA72F200EDC83C /* topButton.m */; };
		13A517051CAD1D86001D565C /* versions_model.m in Sources */ = {isa = PBXBuildFile; fileRef = 13A517041CAD1D86001D565C /* versions_model.m */; };
		13A541011CB6002100B54425 /* MJRefresh.bundle in Resources */ = {isa = PBXBuildFile; fileRef = 13A540F71CB6002100B54425 /* MJRefresh.bundle */; };
		13A541021CB6002100B54425 /* MJRefreshBaseView.m in Sources */ = {isa = PBXBuildFile; fileRef = 13A540FA1CB6002100B54425 /* MJRefreshBaseView.m */; };
		13A541031CB6002100B54425 /* MJRefreshConst.m in Sources */ = {isa = PBXBuildFile; fileRef = 13A540FC1CB6002100B54425 /* MJRefreshConst.m */; };
		13A541041CB6002100B54425 /* MJRefreshFooterView.m in Sources */ = {isa = PBXBuildFile; fileRef = 13A540FE1CB6002100B54425 /* MJRefreshFooterView.m */; };
		13A541051CB6002100B54425 /* MJRefreshHeaderView.m in Sources */ = {isa = PBXBuildFile; fileRef = 13A541001CB6002100B54425 /* MJRefreshHeaderView.m */; };
		13B83CA31CB35C0A005B3148 /* myPhotos_View.m in Sources */ = {isa = PBXBuildFile; fileRef = 13B83CA21CB35C0A005B3148 /* myPhotos_View.m */; };
		13B83CA61CB35CC5005B3148 /* myPhoto_View.m in Sources */ = {isa = PBXBuildFile; fileRef = 13B83CA51CB35CC5005B3148 /* myPhoto_View.m */; };
		13B83CBE1CB36B27005B3148 /* MJPhoto.m in Sources */ = {isa = PBXBuildFile; fileRef = 13B83CA91CB36B27005B3148 /* MJPhoto.m */; };
		13B83CBF1CB36B27005B3148 /* MJPhotoBrowser.bundle in Resources */ = {isa = PBXBuildFile; fileRef = 13B83CAA1CB36B27005B3148 /* MJPhotoBrowser.bundle */; };
		13B83CC01CB36B27005B3148 /* MJPhotoBrowser.m in Sources */ = {isa = PBXBuildFile; fileRef = 13B83CAC1CB36B27005B3148 /* MJPhotoBrowser.m */; };
		13B83CC11CB36B27005B3148 /* MJPhotoLoadingView.m in Sources */ = {isa = PBXBuildFile; fileRef = 13B83CAE1CB36B27005B3148 /* MJPhotoLoadingView.m */; };
		13B83CC21CB36B27005B3148 /* MJPhotoProgressView.m in Sources */ = {isa = PBXBuildFile; fileRef = 13B83CB01CB36B27005B3148 /* MJPhotoProgressView.m */; };
		13B83CC31CB36B27005B3148 /* MJPhotoToolbar.m in Sources */ = {isa = PBXBuildFile; fileRef = 13B83CB21CB36B27005B3148 /* MJPhotoToolbar.m */; };
		13B83CC41CB36B27005B3148 /* MJPhotoView.m in Sources */ = {isa = PBXBuildFile; fileRef = 13B83CB41CB36B27005B3148 /* MJPhotoView.m */; };
		13B83CC51CB36B27005B3148 /* SDWebImageManager+MJ.m in Sources */ = {isa = PBXBuildFile; fileRef = 13B83CB61CB36B27005B3148 /* SDWebImageManager+MJ.m */; };
		13B83CC61CB36B27005B3148 /* btn_close_normal.png in Resources */ = {isa = PBXBuildFile; fileRef = 13B83CB81CB36B27005B3148 /* btn_close_normal.png */; };
		13B83CC71CB36B27005B3148 /* btn_close_normal@2x.png in Resources */ = {isa = PBXBuildFile; fileRef = 13B83CB91CB36B27005B3148 /* btn_close_normal@2x.png */; };
		13B83CC81CB36B27005B3148 /* btn_close_selected.png in Resources */ = {isa = PBXBuildFile; fileRef = 13B83CBA1CB36B27005B3148 /* btn_close_selected.png */; };
		13B83CC91CB36B27005B3148 /* btn_close_selected@2x.png in Resources */ = {isa = PBXBuildFile; fileRef = 13B83CBB1CB36B27005B3148 /* btn_close_selected@2x.png */; };
		13B83CCA1CB36B27005B3148 /* DXAlertView.m in Sources */ = {isa = PBXBuildFile; fileRef = 13B83CBD1CB36B27005B3148 /* DXAlertView.m */; };
		13BE1F2E1CB2990C009FE36F /* myPhotos_model.m in Sources */ = {isa = PBXBuildFile; fileRef = 13BE1F2D1CB2990C009FE36F /* myPhotos_model.m */; };
		13C22E211CA9279B00A74814 /* myBadgeButton.m in Sources */ = {isa = PBXBuildFile; fileRef = 13C22E201CA9279B00A74814 /* myBadgeButton.m */; };
		13D9213E1CB5BF20004D079B /* myComposeView_C.m in Sources */ = {isa = PBXBuildFile; fileRef = 13D9213D1CB5BF20004D079B /* myComposeView_C.m */; };
		13D921411CB5C671004D079B /* myTextView_send.m in Sources */ = {isa = PBXBuildFile; fileRef = 13D921401CB5C671004D079B /* myTextView_send.m */; };
		13DC46FB1CAD74BD008209CA /* MKAnnotationView+WebCache.m in Sources */ = {isa = PBXBuildFile; fileRef = 13DC46DB1CAD74BD008209CA /* MKAnnotationView+WebCache.m */; };
		13DC46FC1CAD74BD008209CA /* NSData+ImageContentType.m in Sources */ = {isa = PBXBuildFile; fileRef = 13DC46DD1CAD74BD008209CA /* NSData+ImageContentType.m */; };
		13DC46FD1CAD74BD008209CA /* SDImageCache.m in Sources */ = {isa = PBXBuildFile; fileRef = 13DC46DF1CAD74BD008209CA /* SDImageCache.m */; };
		13DC46FE1CAD74BD008209CA /* SDWebImageCompat.m in Sources */ = {isa = PBXBuildFile; fileRef = 13DC46E11CAD74BD008209CA /* SDWebImageCompat.m */; };
		13DC46FF1CAD74BD008209CA /* SDWebImageDecoder.m in Sources */ = {isa = PBXBuildFile; fileRef = 13DC46E31CAD74BD008209CA /* SDWebImageDecoder.m */; };
		13DC47001CAD74BD008209CA /* SDWebImageDownloader.m in Sources */ = {isa = PBXBuildFile; fileRef = 13DC46E51CAD74BD008209CA /* SDWebImageDownloader.m */; };
		13DC47011CAD74BD008209CA /* SDWebImageDownloaderOperation.m in Sources */ = {isa = PBXBuildFile; fileRef = 13DC46E71CAD74BD008209CA /* SDWebImageDownloaderOperation.m */; };
		13DC47021CAD74BD008209CA /* SDWebImageManager.m in Sources */ = {isa = PBXBuildFile; fileRef = 13DC46E91CAD74BD008209CA /* SDWebImageManager.m */; };
		13DC47031CAD74BD008209CA /* SDWebImagePrefetcher.m in Sources */ = {isa = PBXBuildFile; fileRef = 13DC46EC1CAD74BD008209CA /* SDWebImagePrefetcher.m */; };
		13DC47041CAD74BD008209CA /* UIButton+WebCache.m in Sources */ = {isa = PBXBuildFile; fileRef = 13DC46EE1CAD74BD008209CA /* UIButton+WebCache.m */; };
		13DC47051CAD74BD008209CA /* UIImage+GIF.m in Sources */ = {isa = PBXBuildFile; fileRef = 13DC46F01CAD74BD008209CA /* UIImage+GIF.m */; };
		13DC47061CAD74BD008209CA /* UIImage+MultiFormat.m in Sources */ = {isa = PBXBuildFile; fileRef = 13DC46F21CAD74BD008209CA /* UIImage+MultiFormat.m */; };
		13DC47071CAD74BD008209CA /* UIImage+WebP.m in Sources */ = {isa = PBXBuildFile; fileRef = 13DC46F41CAD74BD008209CA /* UIImage+WebP.m */; };
		13DC47081CAD74BD008209CA /* UIImageView+HighlightedWebCache.m in Sources */ = {isa = PBXBuildFile; fileRef = 13DC46F61CAD74BD008209CA /* UIImageView+HighlightedWebCache.m */; };
		13DC47091CAD74BD008209CA /* UIImageView+WebCache.m in Sources */ = {isa = PBXBuildFile; fileRef = 13DC46F81CAD74BD008209CA /* UIImageView+WebCache.m */; };
		13DC470A1CAD74BD008209CA /* UIView+WebCacheOperation.m in Sources */ = {isa = PBXBuildFile; fileRef = 13DC46FA1CAD74BD008209CA /* UIView+WebCacheOperation.m */; };
		13E41F9A1CB8071200201981 /* myCompose_Send_ToolBar_V.m in Sources */ = {isa = PBXBuildFile; fileRef = 13E41F991CB8071200201981 /* myCompose_Send_ToolBar_V.m */; };
		13E9B51E1CA8058F000980B7 /* myTabBar_V.m in Sources */ = {isa = PBXBuildFile; fileRef = 13E9B51D1CA8058F000980B7 /* myTabBar_V.m */; };
		13EEB1DE1CA7BFC2009BEE27 /* RootMeTableView_C.m in Sources */ = {isa = PBXBuildFile; fileRef = 13EEB1DD1CA7BFC2009BEE27 /* RootMeTableView_C.m */; };
		13EEB1E21CA7BFFE009BEE27 /* RootDiscoverTableView_C.m in Sources */ = {isa = PBXBuildFile; fileRef = 13EEB1E11CA7BFFE009BEE27 /* RootDiscoverTableView_C.m */; };
		13EEB1E51CA7C016009BEE27 /* RootMessageTableView_C.m in Sources */ = {isa = PBXBuildFile; fileRef = 13EEB1E41CA7C016009BEE27 /* RootMessageTableView_C.m */; };
		13EEB1E81CA7C040009BEE27 /* RootFirstTableView_C.m in Sources */ = {isa = PBXBuildFile; fileRef = 13EEB1E71CA7C040009BEE27 /* RootFirstTableView_C.m */; };
		13EEB1EB1CA7C10A009BEE27 /* RootTabBar_C.m in Sources */ = {isa = PBXBuildFile; fileRef = 13EEB1EA1CA7C10A009BEE27 /* RootTabBar_C.m */; };
		13EEB1EF1CA7D4FD009BEE27 /* UIImage+StringImageNamed.m in Sources */ = {isa = PBXBuildFile; fileRef = 13EEB1EE1CA7D4FD009BEE27 /* UIImage+StringImageNamed.m */; };
		13F902331CA64C0B000A7F86 /* main.m in Sources */ = {isa = PBXBuildFile; fileRef = 13F902321CA64C0B000A7F86 /* main.m */; };
		13F902361CA64C0B000A7F86 /* AppDelegate.m in Sources */ = {isa = PBXBuildFile; fileRef = 13F902351CA64C0B000A7F86 /* AppDelegate.m */; };
		13F9023E1CA64C0C000A7F86 /* Images.xcassets in Resources */ = {isa = PBXBuildFile; fileRef = 13F9023D1CA64C0C000A7F86 /* Images.xcassets */; };
		13F9024D1CA64C0C000A7F86 /* SineWBTests.m in Sources */ = {isa = PBXBuildFile; fileRef = 13F9024C1CA64C0C000A7F86 /* SineWBTests.m */; };
		84F7C0D91CA97DB800BACF26 /* myNavigation_C.m in Sources */ = {isa = PBXBuildFile; fileRef = 84F7C0D81CA97DB800BACF26 /* myNavigation_C.m */; };
/* End PBXBuildFile section */

/* Begin PBXContainerItemProxy section */
		13F902471CA64C0C000A7F86 /* PBXContainerItemProxy */ = {
			isa = PBXContainerItemProxy;
			containerPortal = 13F902251CA64C0B000A7F86 /* Project object */;
			proxyType = 1;
			remoteGlobalIDString = 13F9022C1CA64C0B000A7F86;
			remoteInfo = SineWB;
		};
/* End PBXContainerItemProxy section */

/* Begin PBXFileReference section */
		1313515D1CAC046400D81328 /* myOAuthView_C.h */ = {isa = PBXFileReference; fileEncoding = 4; lastKnownFileType = sourcecode.c.h; path = myOAuthView_C.h; sourceTree = "<group>"; };
		1313515E1CAC046400D81328 /* myOAuthView_C.m */ = {isa = PBXFileReference; fileEncoding = 4; lastKnownFileType = sourcecode.c.objc; path = myOAuthView_C.m; sourceTree = "<group>"; };
		131351611CAC1B7500D81328 /* AFHTTPRequestOperation.h */ = {isa = PBXFileReference; fileEncoding = 4; lastKnownFileType = sourcecode.c.h; path = AFHTTPRequestOperation.h; sourceTree = "<group>"; };
		131351621CAC1B7500D81328 /* AFHTTPRequestOperation.m */ = {isa = PBXFileReference; fileEncoding = 4; lastKnownFileType = sourcecode.c.objc; path = AFHTTPRequestOperation.m; sourceTree = "<group>"; };
		131351631CAC1B7500D81328 /* AFHTTPRequestOperationManager.h */ = {isa = PBXFileReference; fileEncoding = 4; lastKnownFileType = sourcecode.c.h; path = AFHTTPRequestOperationManager.h; sourceTree = "<group>"; };
		131351641CAC1B7500D81328 /* AFHTTPRequestOperationManager.m */ = {isa = PBXFileReference; fileEncoding = 4; lastKnownFileType = sourcecode.c.objc; path = AFHTTPRequestOperationManager.m; sourceTree = "<group>"; };
		131351651CAC1B7500D81328 /* AFHTTPSessionManager.h */ = {isa = PBXFileReference; fileEncoding = 4; lastKnownFileType = sourcecode.c.h; path = AFHTTPSessionManager.h; sourceTree = "<group>"; };
		131351661CAC1B7500D81328 /* AFHTTPSessionManager.m */ = {isa = PBXFileReference; fileEncoding = 4; lastKnownFileType = sourcecode.c.objc; path = AFHTTPSessionManager.m; sourceTree = "<group>"; };
		131351671CAC1B7500D81328 /* AFNetworking.h */ = {isa = PBXFileReference; fileEncoding = 4; lastKnownFileType = sourcecode.c.h; path = AFNetworking.h; sourceTree = "<group>"; };
		131351681CAC1B7500D81328 /* AFNetworkReachabilityManager.h */ = {isa = PBXFileReference; fileEncoding = 4; lastKnownFileType = sourcecode.c.h; path = AFNetworkReachabilityManager.h; sourceTree = "<group>"; };
		131351691CAC1B7500D81328 /* AFNetworkReachabilityManager.m */ = {isa = PBXFileReference; fileEncoding = 4; lastKnownFileType = sourcecode.c.objc; path = AFNetworkReachabilityManager.m; sourceTree = "<group>"; };
		1313516A1CAC1B7500D81328 /* AFSecurityPolicy.h */ = {isa = PBXFileReference; fileEncoding = 4; lastKnownFileType = sourcecode.c.h; path = AFSecurityPolicy.h; sourceTree = "<group>"; };
		1313516B1CAC1B7500D81328 /* AFSecurityPolicy.m */ = {isa = PBXFileReference; fileEncoding = 4; lastKnownFileType = sourcecode.c.objc; path = AFSecurityPolicy.m; sourceTree = "<group>"; };
		1313516C1CAC1B7500D81328 /* AFURLConnectionOperation.h */ = {isa = PBXFileReference; fileEncoding = 4; lastKnownFileType = sourcecode.c.h; path = AFURLConnectionOperation.h; sourceTree = "<group>"; };
		1313516D1CAC1B7500D81328 /* AFURLConnectionOperation.m */ = {isa = PBXFileReference; fileEncoding = 4; lastKnownFileType = sourcecode.c.objc; path = AFURLConnectionOperation.m; sourceTree = "<group>"; };
		1313516E1CAC1B7500D81328 /* AFURLRequestSerialization.h */ = {isa = PBXFileReference; fileEncoding = 4; lastKnownFileType = sourcecode.c.h; path = AFURLRequestSerialization.h; sourceTree = "<group>"; };
		1313516F1CAC1B7500D81328 /* AFURLRequestSerialization.m */ = {isa = PBXFileReference; fileEncoding = 4; lastKnownFileType = sourcecode.c.objc; path = AFURLRequestSerialization.m; sourceTree = "<group>"; };
		131351701CAC1B7500D81328 /* AFURLResponseSerialization.h */ = {isa = PBXFileReference; fileEncoding = 4; lastKnownFileType = sourcecode.c.h; path = AFURLResponseSerialization.h; sourceTree = "<group>"; };
		131351711CAC1B7500D81328 /* AFURLResponseSerialization.m */ = {isa = PBXFileReference; fileEncoding = 4; lastKnownFileType = sourcecode.c.objc; path = AFURLResponseSerialization.m; sourceTree = "<group>"; };
		131351721CAC1B7500D81328 /* AFURLSessionManager.h */ = {isa = PBXFileReference; fileEncoding = 4; lastKnownFileType = sourcecode.c.h; path = AFURLSessionManager.h; sourceTree = "<group>"; };
		131351731CAC1B7500D81328 /* AFURLSessionManager.m */ = {isa = PBXFileReference; fileEncoding = 4; lastKnownFileType = sourcecode.c.objc; path = AFURLSessionManager.m; sourceTree = "<group>"; };
		133B67781CA8E6C90031AF5C /* myButtomButton.h */ = {isa = PBXFileReference; fileEncoding = 4; lastKnownFileType = sourcecode.c.h; path = myButtomButton.h; sourceTree = "<group>"; };
		133B67791CA8E6C90031AF5C /* myButtomButton.m */ = {isa = PBXFileReference; fileEncoding = 4; lastKnownFileType = sourcecode.c.objc; path = myButtomButton.m; sourceTree = "<group>"; };
		133E7A9C1CACC71A007436A1 /* OAuth_Model.h */ = {isa = PBXFileReference; fileEncoding = 4; lastKnownFileType = sourcecode.c.h; path = OAuth_Model.h; sourceTree = "<group>"; };
		133E7A9D1CACC71A007436A1 /* OAuth_Model.m */ = {isa = PBXFileReference; fileEncoding = 4; lastKnownFileType = sourcecode.c.objc; path = OAuth_Model.m; sourceTree = "<group>"; };
		1344F8F31CAE20C100E28E5E /* myStatusCell.h */ = {isa = PBXFileReference; fileEncoding = 4; lastKnownFileType = sourcecode.c.h; path = myStatusCell.h; sourceTree = "<group>"; };
		1344F8F41CAE20C100E28E5E /* myStatusCell.m */ = {isa = PBXFileReference; fileEncoding = 4; lastKnownFileType = sourcecode.c.objc; path = myStatusCell.m; sourceTree = "<group>"; };
		1344F8F61CAE20E300E28E5E /* myTitleButton.h */ = {isa = PBXFileReference; fileEncoding = 4; lastKnownFileType = sourcecode.c.h; path = myTitleButton.h; sourceTree = "<group>"; };
		1344F8F71CAE20E300E28E5E /* myTitleButton.m */ = {isa = PBXFileReference; fileEncoding = 4; lastKnownFileType = sourcecode.c.objc; path = myTitleButton.m; sourceTree = "<group>"; };
		135252B21CAAAB1800145A27 /* startOncePanel.h */ = {isa = PBXFileReference; fileEncoding = 4; lastKnownFileType = sourcecode.c.h; path = startOncePanel.h; sourceTree = "<group>"; };
		135252B31CAAAB1800145A27 /* startOncePanel.m */ = {isa = PBXFileReference; fileEncoding = 4; lastKnownFileType = sourcecode.c.objc; path = startOncePanel.m; sourceTree = "<group>"; };
		135374CA1CAE1162001B3B44 /* MJArgument.h */ = {isa = PBXFileReference; fileEncoding = 4; lastKnownFileType = sourcecode.c.h; path = MJArgument.h; sourceTree = "<group>"; };
		135374CB1CAE1162001B3B44 /* MJArgument.m */ = {isa = PBXFileReference; fileEncoding = 4; lastKnownFileType = sourcecode.c.objc; path = MJArgument.m; sourceTree = "<group>"; };
		135374CC1CAE1162001B3B44 /* MJExtension.h */ = {isa = PBXFileReference; fileEncoding = 4; lastKnownFileType = sourcecode.c.h; path = MJExtension.h; sourceTree = "<group>"; };
		135374CD1CAE1162001B3B44 /* MJIvar.h */ = {isa = PBXFileReference; fileEncoding = 4; lastKnownFileType = sourcecode.c.h; path = MJIvar.h; sourceTree = "<group>"; };
		135374CE1CAE1162001B3B44 /* MJIvar.m */ = {isa = PBXFileReference; fileEncoding = 4; lastKnownFileType = sourcecode.c.objc; path = MJIvar.m; sourceTree = "<group>"; };
		135374CF1CAE1162001B3B44 /* MJMember.h */ = {isa = PBXFileReference; fileEncoding = 4; lastKnownFileType = sourcecode.c.h; path = MJMember.h; sourceTree = "<group>"; };
		135374D01CAE1163001B3B44 /* MJMember.m */ = {isa = PBXFileReference; fileEncoding = 4; lastKnownFileType = sourcecode.c.objc; path = MJMember.m; sourceTree = "<group>"; };
		135374D11CAE1163001B3B44 /* MJMethod.h */ = {isa = PBXFileReference; fileEncoding = 4; lastKnownFileType = sourcecode.c.h; path = MJMethod.h; sourceTree = "<group>"; };
		135374D21CAE1163001B3B44 /* MJMethod.m */ = {isa = PBXFileReference; fileEncoding = 4; lastKnownFileType = sourcecode.c.objc; path = MJMethod.m; sourceTree = "<group>"; };
		135374D31CAE1163001B3B44 /* MJType.h */ = {isa = PBXFileReference; fileEncoding = 4; lastKnownFileType = sourcecode.c.h; path = MJType.h; sourceTree = "<group>"; };
		135374D41CAE1163001B3B44 /* MJType.m */ = {isa = PBXFileReference; fileEncoding = 4; lastKnownFileType = sourcecode.c.objc; path = MJType.m; sourceTree = "<group>"; };
		135374D51CAE1163001B3B44 /* MJTypeEncoding.h */ = {isa = PBXFileReference; fileEncoding = 4; lastKnownFileType = sourcecode.c.h; path = MJTypeEncoding.h; sourceTree = "<group>"; };
		135374D61CAE1163001B3B44 /* MJTypeEncoding.m */ = {isa = PBXFileReference; fileEncoding = 4; lastKnownFileType = sourcecode.c.objc; path = MJTypeEncoding.m; sourceTree = "<group>"; };
		135374D71CAE1163001B3B44 /* NSObject+MJCoding.h */ = {isa = PBXFileReference; fileEncoding = 4; lastKnownFileType = sourcecode.c.h; path = "NSObject+MJCoding.h"; sourceTree = "<group>"; };
		135374D81CAE1163001B3B44 /* NSObject+MJCoding.m */ = {isa = PBXFileReference; fileEncoding = 4; lastKnownFileType = sourcecode.c.objc; path = "NSObject+MJCoding.m"; sourceTree = "<group>"; };
		135374D91CAE1163001B3B44 /* NSObject+MJKeyValue.h */ = {isa = PBXFileReference; fileEncoding = 4; lastKnownFileType = sourcecode.c.h; path = "NSObject+MJKeyValue.h"; sourceTree = "<group>"; };
		135374DA1CAE1163001B3B44 /* NSObject+MJKeyValue.m */ = {isa = PBXFileReference; fileEncoding = 4; lastKnownFileType = sourcecode.c.objc; path = "NSObject+MJKeyValue.m"; sourceTree = "<group>"; };
		135374DB1CAE1163001B3B44 /* NSObject+MJMember.h */ = {isa = PBXFileReference; fileEncoding = 4; lastKnownFileType = sourcecode.c.h; path = "NSObject+MJMember.h"; sourceTree = "<group>"; };
		135374DC1CAE1163001B3B44 /* NSObject+MJMember.m */ = {isa = PBXFileReference; fileEncoding = 4; lastKnownFileType = sourcecode.c.objc; path = "NSObject+MJMember.m"; sourceTree = "<group>"; };
		13591CC11CAD14B300C09B42 /* MBProgressHUD+MJ.h */ = {isa = PBXFileReference; fileEncoding = 4; lastKnownFileType = sourcecode.c.h; path = "MBProgressHUD+MJ.h"; sourceTree = "<group>"; };
		13591CC21CAD14B300C09B42 /* MBProgressHUD+MJ.m */ = {isa = PBXFileReference; fileEncoding = 4; lastKnownFileType = sourcecode.c.objc; path = "MBProgressHUD+MJ.m"; sourceTree = "<group>"; };
		13591CC31CAD14B300C09B42 /* MBProgressHUD.bundle */ = {isa = PBXFileReference; lastKnownFileType = "wrapper.plug-in"; path = MBProgressHUD.bundle; sourceTree = "<group>"; };
		13591CC41CAD14B300C09B42 /* MBProgressHUD.h */ = {isa = PBXFileReference; fileEncoding = 4; lastKnownFileType = sourcecode.c.h; path = MBProgressHUD.h; sourceTree = "<group>"; };
		13591CC51CAD14B300C09B42 /* MBProgressHUD.m */ = {isa = PBXFileReference; fileEncoding = 4; lastKnownFileType = sourcecode.c.objc; path = MBProgressHUD.m; sourceTree = "<group>"; };
		13795B591CAD0585002C4D2F /* startRootSelect.h */ = {isa = PBXFileReference; fileEncoding = 4; lastKnownFileType = sourcecode.c.h; path = startRootSelect.h; sourceTree = "<group>"; };
		13795B5A1CAD0585002C4D2F /* startRootSelect.m */ = {isa = PBXFileReference; fileEncoding = 4; lastKnownFileType = sourcecode.c.objc; path = startRootSelect.m; sourceTree = "<group>"; };
		13795B5C1CAD05D2002C4D2F /* getSetAccountTool.h */ = {isa = PBXFileReference; fileEncoding = 4; lastKnownFileType = sourcecode.c.h; path = getSetAccountTool.h; sourceTree = "<group>"; };
		13795B5D1CAD05D2002C4D2F /* getSetAccountTool.m */ = {isa = PBXFileReference; fileEncoding = 4; lastKnownFileType = sourcecode.c.objc; path = getSetAccountTool.m; sourceTree = "<group>"; };
		137D177D1CB169BA00C5AC31 /* NSDate+myDate.h */ = {isa = PBXFileReference; fileEncoding = 4; lastKnownFileType = sourcecode.c.h; path = "NSDate+myDate.h"; sourceTree = "<group>"; };
		137D177E1CB169BA00C5AC31 /* NSDate+myDate.m */ = {isa = PBXFileReference; fileEncoding = 4; lastKnownFileType = sourcecode.c.objc; path = "NSDate+myDate.m"; sourceTree = "<group>"; };
		138E87371CB63E66002315E7 /* new_feature_1-568h@2x.png */ = {isa = PBXFileReference; lastKnownFileType = image.png; name = "new_feature_1-568h@2x.png"; path = "../Images.xcassets/Newfeature/new_feature_1.imageset/new_feature_1-568h@2x.png"; sourceTree = "<group>"; };
		138E873A1CB63F10002315E7 /* new_feature_2-568h@2x.png */ = {isa = PBXFileReference; lastKnownFileType = image.png; path = "new_feature_2-568h@2x.png"; sourceTree = "<group>"; };
		138E873C1CB63F1A002315E7 /* new_feature_3-568h@2x.png */ = {isa = PBXFileReference; lastKnownFileType = image.png; path = "new_feature_3-568h@2x.png"; sourceTree = "<group>"; };
		138E873E1CB63F1A002315E7 /* myCommonMacro.h */ = {isa = PBXFileReference; fileEncoding = 4; lastKnownFileType = sourcecode.c.h; path = myCommonMacro.h; sourceTree = "<group>"; };
		138EA5461CADED32008520CD /* myStatus_Model.h */ = {isa = PBXFileReference; fileEncoding = 4; lastKnownFileType = sourcecode.c.h; path = myStatus_Model.h; sourceTree = "<group>"; };
		138EA5471CADED32008520CD /* myStatus_Model.m */ = {isa = PBXFileReference; fileEncoding = 4; lastKnownFileType = sourcecode.c.objc; path = myStatus_Model.m; sourceTree = "<group>"; };
		138EA5491CADED65008520CD /* myUser_Model.h */ = {isa = PBXFileReference; fileEncoding = 4; lastKnownFileType = sourcecode.c.h; path = myUser_Model.h; sourceTree = "<group>"; };
		138EA54A1CADED65008520CD /* myUser_Model.m */ = {isa = PBXFileReference; fileEncoding = 4; lastKnownFileType = sourcecode.c.objc; path = myUser_Model.m; sourceTree = "<group>"; };
		138F99871CB202C200CEED53 /* myStatus_ToolBar.h */ = {isa = PBXFileReference; fileEncoding = 4; lastKnownFileType = sourcecode.c.h; path = myStatus_ToolBar.h; sourceTree = "<group>"; };
		138F99881CB202C200CEED53 /* myStatus_ToolBar.m */ = {isa = PBXFileReference; fileEncoding = 4; lastKnownFileType = sourcecode.c.objc; path = myStatus_ToolBar.m; sourceTree = "<group>"; };
		1393C9FF1CB258A600120F20 /* myReweetStatusView.h */ = {isa = PBXFileReference; fileEncoding = 4; lastKnownFileType = sourcecode.c.h; path = myReweetStatusView.h; sourceTree = "<group>"; };
		1393CA001CB258A600120F20 /* myReweetStatusView.m */ = {isa = PBXFileReference; fileEncoding = 4; lastKnownFileType = sourcecode.c.objc; path = myReweetStatusView.m; sourceTree = "<group>"; };
		1393CA021CB25FD600120F20 /* myTopStatusView.h */ = {isa = PBXFileReference; fileEncoding = 4; lastKnownFileType = sourcecode.c.h; path = myTopStatusView.h; sourceTree = "<group>"; };
		1393CA031CB25FD600120F20 /* myTopStatusView.m */ = {isa = PBXFileReference; fileEncoding = 4; lastKnownFileType = sourcecode.c.objc; path = myTopStatusView.m; sourceTree = "<group>"; };
		1393CE6E1CAE781000F88334 /* myStatusFrame.h */ = {isa = PBXFileReference; fileEncoding = 4; lastKnownFileType = sourcecode.c.h; path = myStatusFrame.h; sourceTree = "<group>"; };
		1393CE6F1CAE781000F88334 /* myStatusFrame.m */ = {isa = PBXFileReference; fileEncoding = 4; lastKnownFileType = sourcecode.c.objc; path = myStatusFrame.m; sourceTree = "<group>"; };
		139D9B4C1CAA541400EDC83C /* UIBarButtonItem+TopLeftRight.h */ = {isa = PBXFileReference; fileEncoding = 4; lastKnownFileType = sourcecode.c.h; path = "UIBarButtonItem+TopLeftRight.h"; sourceTree = "<group>"; };
		139D9B4D1CAA541400EDC83C /* UIBarButtonItem+TopLeftRight.m */ = {isa = PBXFileReference; fileEncoding = 4; lastKnownFileType = sourcecode.c.objc; path = "UIBarButtonItem+TopLeftRight.m"; sourceTree = "<group>"; };
		139D9B4F1CAA5E5D00EDC83C /* mySearchText.h */ = {isa = PBXFileReference; fileEncoding = 4; lastKnownFileType = sourcecode.c.h; path = mySearchText.h; sourceTree = "<group>"; };
		139D9B501CAA5E5D00EDC83C /* mySearchText.m */ = {isa = PBXFileReference; fileEncoding = 4; lastKnownFileType = sourcecode.c.objc; path = mySearchText.m; sourceTree = "<group>"; };
		139D9B521CAA72F200EDC83C /* topButton.h */ = {isa = PBXFileReference; fileEncoding = 4; lastKnownFileType = sourcecode.c.h; path = topButton.h; sourceTree = "<group>"; };
		139D9B531CAA72F200EDC83C /* topButton.m */ = {isa = PBXFileReference; fileEncoding = 4; lastKnownFileType = sourcecode.c.objc; path = topButton.m; sourceTree = "<group>"; };
		13A517031CAD1D86001D565C /* versions_model.h */ = {isa = PBXFileReference; fileEncoding = 4; lastKnownFileType = sourcecode.c.h; path = versions_model.h; sourceTree = "<group>"; };
		13A517041CAD1D86001D565C /* versions_model.m */ = {isa = PBXFileReference; fileEncoding = 4; lastKnownFileType = sourcecode.c.objc; path = versions_model.m; sourceTree = "<group>"; };
		13A540F71CB6002100B54425 /* MJRefresh.bundle */ = {isa = PBXFileReference; lastKnownFileType = "wrapper.plug-in"; path = MJRefresh.bundle; sourceTree = "<group>"; };
		13A540F81CB6002100B54425 /* MJRefresh.h */ = {isa = PBXFileReference; fileEncoding = 4; lastKnownFileType = sourcecode.c.h; path = MJRefresh.h; sourceTree = "<group>"; };
		13A540F91CB6002100B54425 /* MJRefreshBaseView.h */ = {isa = PBXFileReference; fileEncoding = 4; lastKnownFileType = sourcecode.c.h; path = MJRefreshBaseView.h; sourceTree = "<group>"; };
		13A540FA1CB6002100B54425 /* MJRefreshBaseView.m */ = {isa = PBXFileReference; fileEncoding = 4; lastKnownFileType = sourcecode.c.objc; path = MJRefreshBaseView.m; sourceTree = "<group>"; };
		13A540FB1CB6002100B54425 /* MJRefreshConst.h */ = {isa = PBXFileReference; fileEncoding = 4; lastKnownFileType = sourcecode.c.h; path = MJRefreshConst.h; sourceTree = "<group>"; };
		13A540FC1CB6002100B54425 /* MJRefreshConst.m */ = {isa = PBXFileReference; fileEncoding = 4; lastKnownFileType = sourcecode.c.objc; path = MJRefreshConst.m; sourceTree = "<group>"; };
		13A540FD1CB6002100B54425 /* MJRefreshFooterView.h */ = {isa = PBXFileReference; fileEncoding = 4; lastKnownFileType = sourcecode.c.h; path = MJRefreshFooterView.h; sourceTree = "<group>"; };
		13A540FE1CB6002100B54425 /* MJRefreshFooterView.m */ = {isa = PBXFileReference; fileEncoding = 4; lastKnownFileType = sourcecode.c.objc; path = MJRefreshFooterView.m; sourceTree = "<group>"; };
		13A540FF1CB6002100B54425 /* MJRefreshHeaderView.h */ = {isa = PBXFileReference; fileEncoding = 4; lastKnownFileType = sourcecode.c.h; path = MJRefreshHeaderView.h; sourceTree = "<group>"; };
		13A541001CB6002100B54425 /* MJRefreshHeaderView.m */ = {isa = PBXFileReference; fileEncoding = 4; lastKnownFileType = sourcecode.c.objc; path = MJRefreshHeaderView.m; sourceTree = "<group>"; };
		13B83CA11CB35C0A005B3148 /* myPhotos_View.h */ = {isa = PBXFileReference; fileEncoding = 4; lastKnownFileType = sourcecode.c.h; path = myPhotos_View.h; sourceTree = "<group>"; };
		13B83CA21CB35C0A005B3148 /* myPhotos_View.m */ = {isa = PBXFileReference; fileEncoding = 4; lastKnownFileType = sourcecode.c.objc; path = myPhotos_View.m; sourceTree = "<group>"; };
		13B83CA41CB35CC5005B3148 /* myPhoto_View.h */ = {isa = PBXFileReference; fileEncoding = 4; lastKnownFileType = sourcecode.c.h; path = myPhoto_View.h; sourceTree = "<group>"; };
		13B83CA51CB35CC5005B3148 /* myPhoto_View.m */ = {isa = PBXFileReference; fileEncoding = 4; lastKnownFileType = sourcecode.c.objc; path = myPhoto_View.m; sourceTree = "<group>"; };
		13B83CA81CB36B27005B3148 /* MJPhoto.h */ = {isa = PBXFileReference; fileEncoding = 4; lastKnownFileType = sourcecode.c.h; path = MJPhoto.h; sourceTree = "<group>"; };
		13B83CA91CB36B27005B3148 /* MJPhoto.m */ = {isa = PBXFileReference; fileEncoding = 4; lastKnownFileType = sourcecode.c.objc; path = MJPhoto.m; sourceTree = "<group>"; };
		13B83CAA1CB36B27005B3148 /* MJPhotoBrowser.bundle */ = {isa = PBXFileReference; lastKnownFileType = "wrapper.plug-in"; path = MJPhotoBrowser.bundle; sourceTree = "<group>"; };
		13B83CAB1CB36B27005B3148 /* MJPhotoBrowser.h */ = {isa = PBXFileReference; fileEncoding = 4; lastKnownFileType = sourcecode.c.h; path = MJPhotoBrowser.h; sourceTree = "<group>"; };
		13B83CAC1CB36B27005B3148 /* MJPhotoBrowser.m */ = {isa = PBXFileReference; fileEncoding = 4; lastKnownFileType = sourcecode.c.objc; path = MJPhotoBrowser.m; sourceTree = "<group>"; };
		13B83CAD1CB36B27005B3148 /* MJPhotoLoadingView.h */ = {isa = PBXFileReference; fileEncoding = 4; lastKnownFileType = sourcecode.c.h; path = MJPhotoLoadingView.h; sourceTree = "<group>"; };
		13B83CAE1CB36B27005B3148 /* MJPhotoLoadingView.m */ = {isa = PBXFileReference; fileEncoding = 4; lastKnownFileType = sourcecode.c.objc; path = MJPhotoLoadingView.m; sourceTree = "<group>"; };
		13B83CAF1CB36B27005B3148 /* MJPhotoProgressView.h */ = {isa = PBXFileReference; fileEncoding = 4; lastKnownFileType = sourcecode.c.h; path = MJPhotoProgressView.h; sourceTree = "<group>"; };
		13B83CB01CB36B27005B3148 /* MJPhotoProgressView.m */ = {isa = PBXFileReference; fileEncoding = 4; lastKnownFileType = sourcecode.c.objc; path = MJPhotoProgressView.m; sourceTree = "<group>"; };
		13B83CB11CB36B27005B3148 /* MJPhotoToolbar.h */ = {isa = PBXFileReference; fileEncoding = 4; lastKnownFileType = sourcecode.c.h; path = MJPhotoToolbar.h; sourceTree = "<group>"; };
		13B83CB21CB36B27005B3148 /* MJPhotoToolbar.m */ = {isa = PBXFileReference; fileEncoding = 4; lastKnownFileType = sourcecode.c.objc; path = MJPhotoToolbar.m; sourceTree = "<group>"; };
		13B83CB31CB36B27005B3148 /* MJPhotoView.h */ = {isa = PBXFileReference; fileEncoding = 4; lastKnownFileType = sourcecode.c.h; path = MJPhotoView.h; sourceTree = "<group>"; };
		13B83CB41CB36B27005B3148 /* MJPhotoView.m */ = {isa = PBXFileReference; fileEncoding = 4; lastKnownFileType = sourcecode.c.objc; path = MJPhotoView.m; sourceTree = "<group>"; };
		13B83CB51CB36B27005B3148 /* SDWebImageManager+MJ.h */ = {isa = PBXFileReference; fileEncoding = 4; lastKnownFileType = sourcecode.c.h; path = "SDWebImageManager+MJ.h"; sourceTree = "<group>"; };
		13B83CB61CB36B27005B3148 /* SDWebImageManager+MJ.m */ = {isa = PBXFileReference; fileEncoding = 4; lastKnownFileType = sourcecode.c.objc; path = "SDWebImageManager+MJ.m"; sourceTree = "<group>"; };
		13B83CB81CB36B27005B3148 /* btn_close_normal.png */ = {isa = PBXFileReference; lastKnownFileType = image.png; path = btn_close_normal.png; sourceTree = "<group>"; };
		13B83CB91CB36B27005B3148 /* btn_close_normal@2x.png */ = {isa = PBXFileReference; lastKnownFileType = image.png; path = "btn_close_normal@2x.png"; sourceTree = "<group>"; };
		13B83CBA1CB36B27005B3148 /* btn_close_selected.png */ = {isa = PBXFileReference; lastKnownFileType = image.png; path = btn_close_selected.png; sourceTree = "<group>"; };
		13B83CBB1CB36B27005B3148 /* btn_close_selected@2x.png */ = {isa = PBXFileReference; lastKnownFileType = image.png; path = "btn_close_selected@2x.png"; sourceTree = "<group>"; };
		13B83CBC1CB36B27005B3148 /* DXAlertView.h */ = {isa = PBXFileReference; fileEncoding = 4; lastKnownFileType = sourcecode.c.h; path = DXAlertView.h; sourceTree = "<group>"; };
		13B83CBD1CB36B27005B3148 /* DXAlertView.m */ = {isa = PBXFileReference; fileEncoding = 4; lastKnownFileType = sourcecode.c.objc; path = DXAlertView.m; sourceTree = "<group>"; };
		13BE1F2C1CB2990C009FE36F /* myPhotos_model.h */ = {isa = PBXFileReference; fileEncoding = 4; lastKnownFileType = sourcecode.c.h; path = myPhotos_model.h; sourceTree = "<group>"; };
		13BE1F2D1CB2990C009FE36F /* myPhotos_model.m */ = {isa = PBXFileReference; fileEncoding = 4; lastKnownFileType = sourcecode.c.objc; path = myPhotos_model.m; sourceTree = "<group>"; };
		13C22E1F1CA9279B00A74814 /* myBadgeButton.h */ = {isa = PBXFileReference; fileEncoding = 4; lastKnownFileType = sourcecode.c.h; path = myBadgeButton.h; sourceTree = "<group>"; };
		13C22E201CA9279B00A74814 /* myBadgeButton.m */ = {isa = PBXFileReference; fileEncoding = 4; lastKnownFileType = sourcecode.c.objc; path = myBadgeButton.m; sourceTree = "<group>"; };
		13D9213C1CB5BF20004D079B /* myComposeView_C.h */ = {isa = PBXFileReference; fileEncoding = 4; lastKnownFileType = sourcecode.c.h; path = myComposeView_C.h; sourceTree = "<group>"; };
		13D9213D1CB5BF20004D079B /* myComposeView_C.m */ = {isa = PBXFileReference; fileEncoding = 4; lastKnownFileType = sourcecode.c.objc; path = myComposeView_C.m; sourceTree = "<group>"; };
		13D9213F1CB5C671004D079B /* myTextView_send.h */ = {isa = PBXFileReference; fileEncoding = 4; lastKnownFileType = sourcecode.c.h; path = myTextView_send.h; sourceTree = "<group>"; };
		13D921401CB5C671004D079B /* myTextView_send.m */ = {isa = PBXFileReference; fileEncoding = 4; lastKnownFileType = sourcecode.c.objc; path = myTextView_send.m; sourceTree = "<group>"; };
		13DC46DA1CAD74BD008209CA /* MKAnnotationView+WebCache.h */ = {isa = PBXFileReference; fileEncoding = 4; lastKnownFileType = sourcecode.c.h; path = "MKAnnotationView+WebCache.h"; sourceTree = "<group>"; };
		13DC46DB1CAD74BD008209CA /* MKAnnotationView+WebCache.m */ = {isa = PBXFileReference; fileEncoding = 4; lastKnownFileType = sourcecode.c.objc; path = "MKAnnotationView+WebCache.m"; sourceTree = "<group>"; };
		13DC46DC1CAD74BD008209CA /* NSData+ImageContentType.h */ = {isa = PBXFileReference; fileEncoding = 4; lastKnownFileType = sourcecode.c.h; path = "NSData+ImageContentType.h"; sourceTree = "<group>"; };
		13DC46DD1CAD74BD008209CA /* NSData+ImageContentType.m */ = {isa = PBXFileReference; fileEncoding = 4; lastKnownFileType = sourcecode.c.objc; path = "NSData+ImageContentType.m"; sourceTree = "<group>"; };
		13DC46DE1CAD74BD008209CA /* SDImageCache.h */ = {isa = PBXFileReference; fileEncoding = 4; lastKnownFileType = sourcecode.c.h; path = SDImageCache.h; sourceTree = "<group>"; };
		13DC46DF1CAD74BD008209CA /* SDImageCache.m */ = {isa = PBXFileReference; fileEncoding = 4; lastKnownFileType = sourcecode.c.objc; path = SDImageCache.m; sourceTree = "<group>"; };
		13DC46E01CAD74BD008209CA /* SDWebImageCompat.h */ = {isa = PBXFileReference; fileEncoding = 4; lastKnownFileType = sourcecode.c.h; path = SDWebImageCompat.h; sourceTree = "<group>"; };
		13DC46E11CAD74BD008209CA /* SDWebImageCompat.m */ = {isa = PBXFileReference; fileEncoding = 4; lastKnownFileType = sourcecode.c.objc; path = SDWebImageCompat.m; sourceTree = "<group>"; };
		13DC46E21CAD74BD008209CA /* SDWebImageDecoder.h */ = {isa = PBXFileReference; fileEncoding = 4; lastKnownFileType = sourcecode.c.h; path = SDWebImageDecoder.h; sourceTree = "<group>"; };
		13DC46E31CAD74BD008209CA /* SDWebImageDecoder.m */ = {isa = PBXFileReference; fileEncoding = 4; lastKnownFileType = sourcecode.c.objc; path = SDWebImageDecoder.m; sourceTree = "<group>"; };
		13DC46E41CAD74BD008209CA /* SDWebImageDownloader.h */ = {isa = PBXFileReference; fileEncoding = 4; lastKnownFileType = sourcecode.c.h; path = SDWebImageDownloader.h; sourceTree = "<group>"; };
		13DC46E51CAD74BD008209CA /* SDWebImageDownloader.m */ = {isa = PBXFileReference; fileEncoding = 4; lastKnownFileType = sourcecode.c.objc; path = SDWebImageDownloader.m; sourceTree = "<group>"; };
		13DC46E61CAD74BD008209CA /* SDWebImageDownloaderOperation.h */ = {isa = PBXFileReference; fileEncoding = 4; lastKnownFileType = sourcecode.c.h; path = SDWebImageDownloaderOperation.h; sourceTree = "<group>"; };
		13DC46E71CAD74BD008209CA /* SDWebImageDownloaderOperation.m */ = {isa = PBXFileReference; fileEncoding = 4; lastKnownFileType = sourcecode.c.objc; path = SDWebImageDownloaderOperation.m; sourceTree = "<group>"; };
		13DC46E81CAD74BD008209CA /* SDWebImageManager.h */ = {isa = PBXFileReference; fileEncoding = 4; lastKnownFileType = sourcecode.c.h; path = SDWebImageManager.h; sourceTree = "<group>"; };
		13DC46E91CAD74BD008209CA /* SDWebImageManager.m */ = {isa = PBXFileReference; fileEncoding = 4; lastKnownFileType = sourcecode.c.objc; path = SDWebImageManager.m; sourceTree = "<group>"; };
		13DC46EA1CAD74BD008209CA /* SDWebImageOperation.h */ = {isa = PBXFileReference; fileEncoding = 4; lastKnownFileType = sourcecode.c.h; path = SDWebImageOperation.h; sourceTree = "<group>"; };
		13DC46EB1CAD74BD008209CA /* SDWebImagePrefetcher.h */ = {isa = PBXFileReference; fileEncoding = 4; lastKnownFileType = sourcecode.c.h; path = SDWebImagePrefetcher.h; sourceTree = "<group>"; };
		13DC46EC1CAD74BD008209CA /* SDWebImagePrefetcher.m */ = {isa = PBXFileReference; fileEncoding = 4; lastKnownFileType = sourcecode.c.objc; path = SDWebImagePrefetcher.m; sourceTree = "<group>"; };
		13DC46ED1CAD74BD008209CA /* UIButton+WebCache.h */ = {isa = PBXFileReference; fileEncoding = 4; lastKnownFileType = sourcecode.c.h; path = "UIButton+WebCache.h"; sourceTree = "<group>"; };
		13DC46EE1CAD74BD008209CA /* UIButton+WebCache.m */ = {isa = PBXFileReference; fileEncoding = 4; lastKnownFileType = sourcecode.c.objc; path = "UIButton+WebCache.m"; sourceTree = "<group>"; };
		13DC46EF1CAD74BD008209CA /* UIImage+GIF.h */ = {isa = PBXFileReference; fileEncoding = 4; lastKnownFileType = sourcecode.c.h; path = "UIImage+GIF.h"; sourceTree = "<group>"; };
		13DC46F01CAD74BD008209CA /* UIImage+GIF.m */ = {isa = PBXFileReference; fileEncoding = 4; lastKnownFileType = sourcecode.c.objc; path = "UIImage+GIF.m"; sourceTree = "<group>"; };
		13DC46F11CAD74BD008209CA /* UIImage+MultiFormat.h */ = {isa = PBXFileReference; fileEncoding = 4; lastKnownFileType = sourcecode.c.h; path = "UIImage+MultiFormat.h"; sourceTree = "<group>"; };
		13DC46F21CAD74BD008209CA /* UIImage+MultiFormat.m */ = {isa = PBXFileReference; fileEncoding = 4; lastKnownFileType = sourcecode.c.objc; path = "UIImage+MultiFormat.m"; sourceTree = "<group>"; };
		13DC46F31CAD74BD008209CA /* UIImage+WebP.h */ = {isa = PBXFileReference; fileEncoding = 4; lastKnownFileType = sourcecode.c.h; path = "UIImage+WebP.h"; sourceTree = "<group>"; };
		13DC46F41CAD74BD008209CA /* UIImage+WebP.m */ = {isa = PBXFileReference; fileEncoding = 4; lastKnownFileType = sourcecode.c.objc; path = "UIImage+WebP.m"; sourceTree = "<group>"; };
		13DC46F51CAD74BD008209CA /* UIImageView+HighlightedWebCache.h */ = {isa = PBXFileReference; fileEncoding = 4; lastKnownFileType = sourcecode.c.h; path = "UIImageView+HighlightedWebCache.h"; sourceTree = "<group>"; };
		13DC46F61CAD74BD008209CA /* UIImageView+HighlightedWebCache.m */ = {isa = PBXFileReference; fileEncoding = 4; lastKnownFileType = sourcecode.c.objc; path = "UIImageView+HighlightedWebCache.m"; sourceTree = "<group>"; };
		13DC46F71CAD74BD008209CA /* UIImageView+WebCache.h */ = {isa = PBXFileReference; fileEncoding = 4; lastKnownFileType = sourcecode.c.h; path = "UIImageView+WebCache.h"; sourceTree = "<group>"; };
		13DC46F81CAD74BD008209CA /* UIImageView+WebCache.m */ = {isa = PBXFileReference; fileEncoding = 4; lastKnownFileType = sourcecode.c.objc; path = "UIImageView+WebCache.m"; sourceTree = "<group>"; };
		13DC46F91CAD74BD008209CA /* UIView+WebCacheOperation.h */ = {isa = PBXFileReference; fileEncoding = 4; lastKnownFileType = sourcecode.c.h; path = "UIView+WebCacheOperation.h"; sourceTree = "<group>"; };
		13DC46FA1CAD74BD008209CA /* UIView+WebCacheOperation.m */ = {isa = PBXFileReference; fileEncoding = 4; lastKnownFileType = sourcecode.c.objc; path = "UIView+WebCacheOperation.m"; sourceTree = "<group>"; };
		13E41F981CB8071200201981 /* myCompose_Send_ToolBar_V.h */ = {isa = PBXFileReference; fileEncoding = 4; lastKnownFileType = sourcecode.c.h; path = myCompose_Send_ToolBar_V.h; sourceTree = "<group>"; };
		13E41F991CB8071200201981 /* myCompose_Send_ToolBar_V.m */ = {isa = PBXFileReference; fileEncoding = 4; lastKnownFileType = sourcecode.c.objc; path = myCompose_Send_ToolBar_V.m; sourceTree = "<group>"; };
		13E9B51C1CA8058F000980B7 /* myTabBar_V.h */ = {isa = PBXFileReference; fileEncoding = 4; lastKnownFileType = sourcecode.c.h; path = myTabBar_V.h; sourceTree = "<group>"; };
		13E9B51D1CA8058F000980B7 /* myTabBar_V.m */ = {isa = PBXFileReference; fileEncoding = 4; lastKnownFileType = sourcecode.c.objc; path = myTabBar_V.m; sourceTree = "<group>"; };
		13EEB1DC1CA7BFC2009BEE27 /* RootMeTableView_C.h */ = {isa = PBXFileReference; fileEncoding = 4; lastKnownFileType = sourcecode.c.h; path = RootMeTableView_C.h; sourceTree = "<group>"; };
		13EEB1DD1CA7BFC2009BEE27 /* RootMeTableView_C.m */ = {isa = PBXFileReference; fileEncoding = 4; lastKnownFileType = sourcecode.c.objc; path = RootMeTableView_C.m; sourceTree = "<group>"; };
		13EEB1E01CA7BFFE009BEE27 /* RootDiscoverTableView_C.h */ = {isa = PBXFileReference; fileEncoding = 4; lastKnownFileType = sourcecode.c.h; path = RootDiscoverTableView_C.h; sourceTree = "<group>"; };
		13EEB1E11CA7BFFE009BEE27 /* RootDiscoverTableView_C.m */ = {isa = PBXFileReference; fileEncoding = 4; lastKnownFileType = sourcecode.c.objc; path = RootDiscoverTableView_C.m; sourceTree = "<group>"; };
		13EEB1E31CA7C016009BEE27 /* RootMessageTableView_C.h */ = {isa = PBXFileReference; fileEncoding = 4; lastKnownFileType = sourcecode.c.h; path = RootMessageTableView_C.h; sourceTree = "<group>"; };
		13EEB1E41CA7C016009BEE27 /* RootMessageTableView_C.m */ = {isa = PBXFileReference; fileEncoding = 4; lastKnownFileType = sourcecode.c.objc; path = RootMessageTableView_C.m; sourceTree = "<group>"; };
		13EEB1E61CA7C040009BEE27 /* RootFirstTableView_C.h */ = {isa = PBXFileReference; fileEncoding = 4; lastKnownFileType = sourcecode.c.h; path = RootFirstTableView_C.h; sourceTree = "<group>"; };
		13EEB1E71CA7C040009BEE27 /* RootFirstTableView_C.m */ = {isa = PBXFileReference; fileEncoding = 4; lastKnownFileType = sourcecode.c.objc; path = RootFirstTableView_C.m; sourceTree = "<group>"; };
		13EEB1E91CA7C10A009BEE27 /* RootTabBar_C.h */ = {isa = PBXFileReference; fileEncoding = 4; lastKnownFileType = sourcecode.c.h; name = RootTabBar_C.h; path = ../Other/RootTabBar_C.h; sourceTree = "<group>"; };
		13EEB1EA1CA7C10A009BEE27 /* RootTabBar_C.m */ = {isa = PBXFileReference; fileEncoding = 4; lastKnownFileType = sourcecode.c.objc; name = RootTabBar_C.m; path = ../Other/RootTabBar_C.m; sourceTree = "<group>"; };
		13EEB1EC1CA7CDEC009BEE27 /* SineWB.pch */ = {isa = PBXFileReference; fileEncoding = 4; lastKnownFileType = sourcecode.c.h; path = SineWB.pch; sourceTree = "<group>"; };
		13EEB1ED1CA7D4FD009BEE27 /* UIImage+StringImageNamed.h */ = {isa = PBXFileReference; fileEncoding = 4; lastKnownFileType = sourcecode.c.h; name = "UIImage+StringImageNamed.h"; path = "../Other/UIImage+StringImageNamed.h"; sourceTree = "<group>"; };
		13EEB1EE1CA7D4FD009BEE27 /* UIImage+StringImageNamed.m */ = {isa = PBXFileReference; fileEncoding = 4; lastKnownFileType = sourcecode.c.objc; name = "UIImage+StringImageNamed.m"; path = "../Other/UIImage+StringImageNamed.m"; sourceTree = "<group>"; };
		13F9022D1CA64C0B000A7F86 /* SineWB.app */ = {isa = PBXFileReference; explicitFileType = wrapper.application; includeInIndex = 0; path = SineWB.app; sourceTree = BUILT_PRODUCTS_DIR; };
		13F902311CA64C0B000A7F86 /* Info.plist */ = {isa = PBXFileReference; lastKnownFileType = text.plist.xml; path = Info.plist; sourceTree = "<group>"; };
		13F902321CA64C0B000A7F86 /* main.m */ = {isa = PBXFileReference; lastKnownFileType = sourcecode.c.objc; path = main.m; sourceTree = "<group>"; };
		13F902341CA64C0B000A7F86 /* AppDelegate.h */ = {isa = PBXFileReference; lastKnownFileType = sourcecode.c.h; name = AppDelegate.h; path = ../AppDelegate.h; sourceTree = "<group>"; };
		13F902351CA64C0B000A7F86 /* AppDelegate.m */ = {isa = PBXFileReference; lastKnownFileType = sourcecode.c.objc; name = AppDelegate.m; path = ../AppDelegate.m; sourceTree = "<group>"; };
		13F9023D1CA64C0C000A7F86 /* Images.xcassets */ = {isa = PBXFileReference; lastKnownFileType = folder.assetcatalog; path = Images.xcassets; sourceTree = "<group>"; };
		13F902461CA64C0C000A7F86 /* SineWBTests.xctest */ = {isa = PBXFileReference; explicitFileType = wrapper.cfbundle; includeInIndex = 0; path = SineWBTests.xctest; sourceTree = BUILT_PRODUCTS_DIR; };
		13F9024B1CA64C0C000A7F86 /* Info.plist */ = {isa = PBXFileReference; lastKnownFileType = text.plist.xml; path = Info.plist; sourceTree = "<group>"; };
		13F9024C1CA64C0C000A7F86 /* SineWBTests.m */ = {isa = PBXFileReference; lastKnownFileType = sourcecode.c.objc; path = SineWBTests.m; sourceTree = "<group>"; };
		84F7C0D71CA97DB800BACF26 /* myNavigation_C.h */ = {isa = PBXFileReference; fileEncoding = 4; lastKnownFileType = sourcecode.c.h; path = myNavigation_C.h; sourceTree = "<group>"; };
		84F7C0D81CA97DB800BACF26 /* myNavigation_C.m */ = {isa = PBXFileReference; fileEncoding = 4; lastKnownFileType = sourcecode.c.objc; path = myNavigation_C.m; sourceTree = "<group>"; };
/* End PBXFileReference section */

/* Begin PBXFrameworksBuildPhase section */
		13F9022A1CA64C0B000A7F86 /* Frameworks */ = {
			isa = PBXFrameworksBuildPhase;
			buildActionMask = 2147483647;
			files = (
			);
			runOnlyForDeploymentPostprocessing = 0;
		};
		13F902431CA64C0C000A7F86 /* Frameworks */ = {
			isa = PBXFrameworksBuildPhase;
			buildActionMask = 2147483647;
			files = (
			);
			runOnlyForDeploymentPostprocessing = 0;
		};
/* End PBXFrameworksBuildPhase section */

/* Begin PBXGroup section */
		131351601CAC1B7500D81328 /* AFNetworking */ = {
			isa = PBXGroup;
			children = (
				131351611CAC1B7500D81328 /* AFHTTPRequestOperation.h */,
				131351621CAC1B7500D81328 /* AFHTTPRequestOperation.m */,
				131351631CAC1B7500D81328 /* AFHTTPRequestOperationManager.h */,
				131351641CAC1B7500D81328 /* AFHTTPRequestOperationManager.m */,
				131351651CAC1B7500D81328 /* AFHTTPSessionManager.h */,
				131351661CAC1B7500D81328 /* AFHTTPSessionManager.m */,
				131351671CAC1B7500D81328 /* AFNetworking.h */,
				131351681CAC1B7500D81328 /* AFNetworkReachabilityManager.h */,
				131351691CAC1B7500D81328 /* AFNetworkReachabilityManager.m */,
				1313516A1CAC1B7500D81328 /* AFSecurityPolicy.h */,
				1313516B1CAC1B7500D81328 /* AFSecurityPolicy.m */,
				1313516C1CAC1B7500D81328 /* AFURLConnectionOperation.h */,
				1313516D1CAC1B7500D81328 /* AFURLConnectionOperation.m */,
				1313516E1CAC1B7500D81328 /* AFURLRequestSerialization.h */,
				1313516F1CAC1B7500D81328 /* AFURLRequestSerialization.m */,
				131351701CAC1B7500D81328 /* AFURLResponseSerialization.h */,
				131351711CAC1B7500D81328 /* AFURLResponseSerialization.m */,
				131351721CAC1B7500D81328 /* AFURLSessionManager.h */,
				131351731CAC1B7500D81328 /* AFURLSessionManager.m */,
			);
			path = AFNetworking;
			sourceTree = "<group>";
		};
		1344F8F21CAE209300E28E5E /* view */ = {
			isa = PBXGroup;
			children = (
				1344F8F31CAE20C100E28E5E /* myStatusCell.h */,
				1344F8F41CAE20C100E28E5E /* myStatusCell.m */,
				1344F8F61CAE20E300E28E5E /* myTitleButton.h */,
				1344F8F71CAE20E300E28E5E /* myTitleButton.m */,
				138F99881CB202C200CEED53 /* myStatus_ToolBar.m */,
				138F99871CB202C200CEED53 /* myStatus_ToolBar.h */,
				1393C9FF1CB258A600120F20 /* myReweetStatusView.h */,
				1393CA001CB258A600120F20 /* myReweetStatusView.m */,
				1393CA021CB25FD600120F20 /* myTopStatusView.h */,
				1393CA031CB25FD600120F20 /* myTopStatusView.m */,
				13B83CA11CB35C0A005B3148 /* myPhotos_View.h */,
				13B83CA21CB35C0A005B3148 /* myPhotos_View.m */,
				13B83CA41CB35CC5005B3148 /* myPhoto_View.h */,
				13B83CA51CB35CC5005B3148 /* myPhoto_View.m */,
			);
			path = view;
			sourceTree = "<group>";
		};
		135252B11CAAAAF100145A27 /* StartPanel */ = {
			isa = PBXGroup;
			children = (
				135252B21CAAAB1800145A27 /* startOncePanel.h */,
				135252B31CAAAB1800145A27 /* startOncePanel.m */,
				1313515D1CAC046400D81328 /* myOAuthView_C.h */,
				1313515E1CAC046400D81328 /* myOAuthView_C.m */,
				133E7A9C1CACC71A007436A1 /* OAuth_Model.h */,
				133E7A9D1CACC71A007436A1 /* OAuth_Model.m */,
				13795B591CAD0585002C4D2F /* startRootSelect.h */,
				13795B5A1CAD0585002C4D2F /* startRootSelect.m */,
				13795B5C1CAD05D2002C4D2F /* getSetAccountTool.h */,
				13795B5D1CAD05D2002C4D2F /* getSetAccountTool.m */,
				13A517031CAD1D86001D565C /* versions_model.h */,
				13A517041CAD1D86001D565C /* versions_model.m */,
			);
			path = StartPanel;
			sourceTree = "<group>";
		};
		135374C91CAE1162001B3B44 /* MJExtension */ = {
			isa = PBXGroup;
			children = (
				135374CA1CAE1162001B3B44 /* MJArgument.h */,
				135374CB1CAE1162001B3B44 /* MJArgument.m */,
				135374CC1CAE1162001B3B44 /* MJExtension.h */,
				135374CD1CAE1162001B3B44 /* MJIvar.h */,
				135374CE1CAE1162001B3B44 /* MJIvar.m */,
				135374CF1CAE1162001B3B44 /* MJMember.h */,
				135374D01CAE1163001B3B44 /* MJMember.m */,
				135374D11CAE1163001B3B44 /* MJMethod.h */,
				135374D21CAE1163001B3B44 /* MJMethod.m */,
				135374D31CAE1163001B3B44 /* MJType.h */,
				135374D41CAE1163001B3B44 /* MJType.m */,
				135374D51CAE1163001B3B44 /* MJTypeEncoding.h */,
				135374D61CAE1163001B3B44 /* MJTypeEncoding.m */,
				135374D71CAE1163001B3B44 /* NSObject+MJCoding.h */,
				135374D81CAE1163001B3B44 /* NSObject+MJCoding.m */,
				135374D91CAE1163001B3B44 /* NSObject+MJKeyValue.h */,
				135374DA1CAE1163001B3B44 /* NSObject+MJKeyValue.m */,
				135374DB1CAE1163001B3B44 /* NSObject+MJMember.h */,
				135374DC1CAE1163001B3B44 /* NSObject+MJMember.m */,
			);
			path = MJExtension;
			sourceTree = "<group>";
		};
		13591CC01CAD14B300C09B42 /* MBProgressHUD */ = {
			isa = PBXGroup;
			children = (
				13591CC11CAD14B300C09B42 /* MBProgressHUD+MJ.h */,
				13591CC21CAD14B300C09B42 /* MBProgressHUD+MJ.m */,
				13591CC31CAD14B300C09B42 /* MBProgressHUD.bundle */,
				13591CC41CAD14B300C09B42 /* MBProgressHUD.h */,
				13591CC51CAD14B300C09B42 /* MBProgressHUD.m */,
			);
			path = MBProgressHUD;
			sourceTree = "<group>";
		};
		138E87391CB63EF2002315E7 /* pic */ = {
			isa = PBXGroup;
			children = (
				138E873C1CB63F1A002315E7 /* new_feature_3-568h@2x.png */,
				138E873A1CB63F10002315E7 /* new_feature_2-568h@2x.png */,
				138E87371CB63E66002315E7 /* new_feature_1-568h@2x.png */,
			);
			path = pic;
			sourceTree = "<group>";
		};
		138EA5451CADED15008520CD /* model */ = {
			isa = PBXGroup;
			children = (
				138EA5461CADED32008520CD /* myStatus_Model.h */,
				138EA5471CADED32008520CD /* myStatus_Model.m */,
				1393CE6E1CAE781000F88334 /* myStatusFrame.h */,
				1393CE6F1CAE781000F88334 /* myStatusFrame.m */,
				138EA5491CADED65008520CD /* myUser_Model.h */,
				138EA54A1CADED65008520CD /* myUser_Model.m */,
				13BE1F2C1CB2990C009FE36F /* myPhotos_model.h */,
				13BE1F2D1CB2990C009FE36F /* myPhotos_model.m */,
			);
			path = model;
			sourceTree = "<group>";
		};
		139D9B4B1CAA365000EDC83C /* top */ = {
			isa = PBXGroup;
			children = (
				139D9B4C1CAA541400EDC83C /* UIBarButtonItem+TopLeftRight.h */,
				139D9B4D1CAA541400EDC83C /* UIBarButtonItem+TopLeftRight.m */,
				139D9B4F1CAA5E5D00EDC83C /* mySearchText.h */,
				139D9B501CAA5E5D00EDC83C /* mySearchText.m */,
			);
			path = top;
			sourceTree = "<group>";
		};
		13A540F61CB6002100B54425 /* MJRefresh */ = {
			isa = PBXGroup;
			children = (
				13A540F71CB6002100B54425 /* MJRefresh.bundle */,
				13A540F81CB6002100B54425 /* MJRefresh.h */,
				13A540F91CB6002100B54425 /* MJRefreshBaseView.h */,
				13A540FA1CB6002100B54425 /* MJRefreshBaseView.m */,
				13A540FB1CB6002100B54425 /* MJRefreshConst.h */,
				13A540FC1CB6002100B54425 /* MJRefreshConst.m */,
				13A540FD1CB6002100B54425 /* MJRefreshFooterView.h */,
				13A540FE1CB6002100B54425 /* MJRefreshFooterView.m */,
				13A540FF1CB6002100B54425 /* MJRefreshHeaderView.h */,
				13A541001CB6002100B54425 /* MJRefreshHeaderView.m */,
			);
			path = MJRefresh;
			sourceTree = "<group>";
		};
		13B83CA71CB36B27005B3148 /* MJPhotoBrowser */ = {
			isa = PBXGroup;
			children = (
				13B83CA81CB36B27005B3148 /* MJPhoto.h */,
				13B83CA91CB36B27005B3148 /* MJPhoto.m */,
				13B83CAA1CB36B27005B3148 /* MJPhotoBrowser.bundle */,
				13B83CAB1CB36B27005B3148 /* MJPhotoBrowser.h */,
				13B83CAC1CB36B27005B3148 /* MJPhotoBrowser.m */,
				13B83CAD1CB36B27005B3148 /* MJPhotoLoadingView.h */,
				13B83CAE1CB36B27005B3148 /* MJPhotoLoadingView.m */,
				13B83CAF1CB36B27005B3148 /* MJPhotoProgressView.h */,
				13B83CB01CB36B27005B3148 /* MJPhotoProgressView.m */,
				13B83CB11CB36B27005B3148 /* MJPhotoToolbar.h */,
				13B83CB21CB36B27005B3148 /* MJPhotoToolbar.m */,
				13B83CB31CB36B27005B3148 /* MJPhotoView.h */,
				13B83CB41CB36B27005B3148 /* MJPhotoView.m */,
				13B83CB51CB36B27005B3148 /* SDWebImageManager+MJ.h */,
				13B83CB61CB36B27005B3148 /* SDWebImageManager+MJ.m */,
			);
			path = MJPhotoBrowser;
			sourceTree = "<group>";
		};
		13B83CB71CB36B27005B3148 /* Vendor */ = {
			isa = PBXGroup;
			children = (
				13B83CB81CB36B27005B3148 /* btn_close_normal.png */,
				13B83CB91CB36B27005B3148 /* btn_close_normal@2x.png */,
				13B83CBA1CB36B27005B3148 /* btn_close_selected.png */,
				13B83CBB1CB36B27005B3148 /* btn_close_selected@2x.png */,
				13B83CBC1CB36B27005B3148 /* DXAlertView.h */,
				13B83CBD1CB36B27005B3148 /* DXAlertView.m */,
			);
			path = Vendor;
			sourceTree = "<group>";
		};
		13D921381CB5BE97004D079B /* Compose */ = {
			isa = PBXGroup;
			children = (
				13D921391CB5BE97004D079B /* Controller */,
				13D9213A1CB5BE97004D079B /* Model */,
				13D9213B1CB5BE97004D079B /* View */,
			);
			path = Compose;
			sourceTree = "<group>";
		};
		13D921391CB5BE97004D079B /* Controller */ = {
			isa = PBXGroup;
			children = (
				13D9213C1CB5BF20004D079B /* myComposeView_C.h */,
				13D9213D1CB5BF20004D079B /* myComposeView_C.m */,
			);
			path = Controller;
			sourceTree = "<group>";
		};
		13D9213A1CB5BE97004D079B /* Model */ = {
			isa = PBXGroup;
			children = (
			);
			path = Model;
			sourceTree = "<group>";
		};
		13D9213B1CB5BE97004D079B /* View */ = {
			isa = PBXGroup;
			children = (
				13D9213F1CB5C671004D079B /* myTextView_send.h */,
				13D921401CB5C671004D079B /* myTextView_send.m */,
				13E41F981CB8071200201981 /* myCompose_Send_ToolBar_V.h */,
				13E41F991CB8071200201981 /* myCompose_Send_ToolBar_V.m */,
			);
			path = View;
			sourceTree = "<group>";
		};
		13DC46D91CAD74BD008209CA /* SDWebImage */ = {
			isa = PBXGroup;
			children = (
				13DC46DA1CAD74BD008209CA /* MKAnnotationView+WebCache.h */,
				13DC46DB1CAD74BD008209CA /* MKAnnotationView+WebCache.m */,
				13DC46DC1CAD74BD008209CA /* NSData+ImageContentType.h */,
				13DC46DD1CAD74BD008209CA /* NSData+ImageContentType.m */,
				13DC46DE1CAD74BD008209CA /* SDImageCache.h */,
				13DC46DF1CAD74BD008209CA /* SDImageCache.m */,
				13DC46E01CAD74BD008209CA /* SDWebImageCompat.h */,
				13DC46E11CAD74BD008209CA /* SDWebImageCompat.m */,
				13DC46E21CAD74BD008209CA /* SDWebImageDecoder.h */,
				13DC46E31CAD74BD008209CA /* SDWebImageDecoder.m */,
				13DC46E41CAD74BD008209CA /* SDWebImageDownloader.h */,
				13DC46E51CAD74BD008209CA /* SDWebImageDownloader.m */,
				13DC46E61CAD74BD008209CA /* SDWebImageDownloaderOperation.h */,
				13DC46E71CAD74BD008209CA /* SDWebImageDownloaderOperation.m */,
				13DC46E81CAD74BD008209CA /* SDWebImageManager.h */,
				13DC46E91CAD74BD008209CA /* SDWebImageManager.m */,
				13DC46EA1CAD74BD008209CA /* SDWebImageOperation.h */,
				13DC46EB1CAD74BD008209CA /* SDWebImagePrefetcher.h */,
				13DC46EC1CAD74BD008209CA /* SDWebImagePrefetcher.m */,
				13DC46ED1CAD74BD008209CA /* UIButton+WebCache.h */,
				13DC46EE1CAD74BD008209CA /* UIButton+WebCache.m */,
				13DC46EF1CAD74BD008209CA /* UIImage+GIF.h */,
				13DC46F01CAD74BD008209CA /* UIImage+GIF.m */,
				13DC46F11CAD74BD008209CA /* UIImage+MultiFormat.h */,
				13DC46F21CAD74BD008209CA /* UIImage+MultiFormat.m */,
				13DC46F31CAD74BD008209CA /* UIImage+WebP.h */,
				13DC46F41CAD74BD008209CA /* UIImage+WebP.m */,
				13DC46F51CAD74BD008209CA /* UIImageView+HighlightedWebCache.h */,
				13DC46F61CAD74BD008209CA /* UIImageView+HighlightedWebCache.m */,
				13DC46F71CAD74BD008209CA /* UIImageView+WebCache.h */,
				13DC46F81CAD74BD008209CA /* UIImageView+WebCache.m */,
				13DC46F91CAD74BD008209CA /* UIView+WebCacheOperation.h */,
				13DC46FA1CAD74BD008209CA /* UIView+WebCacheOperation.m */,
			);
			path = SDWebImage;
			sourceTree = "<group>";
		};
		13E9B51B1CA80559000980B7 /* Main */ = {
			isa = PBXGroup;
			children = (
				139D9B4B1CAA365000EDC83C /* top */,
				13EEB1E91CA7C10A009BEE27 /* RootTabBar_C.h */,
				13EEB1EA1CA7C10A009BEE27 /* RootTabBar_C.m */,
				13EEB1ED1CA7D4FD009BEE27 /* UIImage+StringImageNamed.h */,
				13EEB1EE1CA7D4FD009BEE27 /* UIImage+StringImageNamed.m */,
				13E9B51C1CA8058F000980B7 /* myTabBar_V.h */,
				13E9B51D1CA8058F000980B7 /* myTabBar_V.m */,
				133B67781CA8E6C90031AF5C /* myButtomButton.h */,
				133B67791CA8E6C90031AF5C /* myButtomButton.m */,
				13C22E1F1CA9279B00A74814 /* myBadgeButton.h */,
				13C22E201CA9279B00A74814 /* myBadgeButton.m */,
				84F7C0D71CA97DB800BACF26 /* myNavigation_C.h */,
				84F7C0D81CA97DB800BACF26 /* myNavigation_C.m */,
				137D177D1CB169BA00C5AC31 /* NSDate+myDate.h */,
				137D177E1CB169BA00C5AC31 /* NSDate+myDate.m */,
				138E873E1CB63F1A002315E7 /* myCommonMacro.h */,
			);
			path = Main;
			sourceTree = "<group>";
		};
		13EEB1D71CA7BF77009BEE27 /* S01 */ = {
			isa = PBXGroup;
			children = (
				13EEB1E61CA7C040009BEE27 /* RootFirstTableView_C.h */,
				13EEB1E71CA7C040009BEE27 /* RootFirstTableView_C.m */,
				139D9B521CAA72F200EDC83C /* topButton.h */,
				139D9B531CAA72F200EDC83C /* topButton.m */,
				1344F8F21CAE209300E28E5E /* view */,
				138EA5451CADED15008520CD /* model */,
			);
			path = S01;
			sourceTree = "<group>";
		};
		13EEB1D81CA7BF77009BEE27 /* S02 */ = {
			isa = PBXGroup;
			children = (
				13EEB1E31CA7C016009BEE27 /* RootMessageTableView_C.h */,
				13EEB1E41CA7C016009BEE27 /* RootMessageTableView_C.m */,
			);
			path = S02;
			sourceTree = "<group>";
		};
		13EEB1D91CA7BF77009BEE27 /* S03 */ = {
			isa = PBXGroup;
			children = (
				13EEB1E01CA7BFFE009BEE27 /* RootDiscoverTableView_C.h */,
				13EEB1E11CA7BFFE009BEE27 /* RootDiscoverTableView_C.m */,
			);
			path = S03;
			sourceTree = "<group>";
		};
		13EEB1DA1CA7BF77009BEE27 /* S04 */ = {
			isa = PBXGroup;
			children = (
				13EEB1DC1CA7BFC2009BEE27 /* RootMeTableView_C.h */,
				13EEB1DD1CA7BFC2009BEE27 /* RootMeTableView_C.m */,
			);
			path = S04;
			sourceTree = "<group>";
		};
		13EEB1DB1CA7BF77009BEE27 /* SCenter */ = {
			isa = PBXGroup;
			children = (
			);
			path = SCenter;
			sourceTree = "<group>";
		};
		13EEB1DF1CA7BFD7009BEE27 /* Other */ = {
			isa = PBXGroup;
			children = (
				13A540F61CB6002100B54425 /* MJRefresh */,
				13B83CA71CB36B27005B3148 /* MJPhotoBrowser */,
				13B83CB71CB36B27005B3148 /* Vendor */,
				135374C91CAE1162001B3B44 /* MJExtension */,
				13DC46D91CAD74BD008209CA /* SDWebImage */,
				13591CC01CAD14B300C09B42 /* MBProgressHUD */,
				131351601CAC1B7500D81328 /* AFNetworking */,
				13F902341CA64C0B000A7F86 /* AppDelegate.h */,
				13F902351CA64C0B000A7F86 /* AppDelegate.m */,
			);
			path = Other;
			sourceTree = "<group>";
		};
		13F902241CA64C0B000A7F86 = {
			isa = PBXGroup;
			children = (
				13F9022F1CA64C0B000A7F86 /* SineWB */,
				13F902491CA64C0C000A7F86 /* SineWBTests */,
				13F9022E1CA64C0B000A7F86 /* Products */,
			);
			sourceTree = "<group>";
		};
		13F9022E1CA64C0B000A7F86 /* Products */ = {
			isa = PBXGroup;
			children = (
				13F9022D1CA64C0B000A7F86 /* SineWB.app */,
				13F902461CA64C0C000A7F86 /* SineWBTests.xctest */,
			);
			name = Products;
			sourceTree = "<group>";
		};
		13F9022F1CA64C0B000A7F86 /* SineWB */ = {
			isa = PBXGroup;
			children = (
				13D921381CB5BE97004D079B /* Compose */,
				135252B11CAAAAF100145A27 /* StartPanel */,
				13E9B51B1CA80559000980B7 /* Main */,
				13EEB1DF1CA7BFD7009BEE27 /* Other */,
				13EEB1D71CA7BF77009BEE27 /* S01 */,
				13EEB1D81CA7BF77009BEE27 /* S02 */,
				13EEB1D91CA7BF77009BEE27 /* S03 */,
				13EEB1DA1CA7BF77009BEE27 /* S04 */,
				13EEB1DB1CA7BF77009BEE27 /* SCenter */,
				13F9023D1CA64C0C000A7F86 /* Images.xcassets */,
				13F902301CA64C0B000A7F86 /* Supporting Files */,
			);
			path = SineWB;
			sourceTree = "<group>";
		};
		13F902301CA64C0B000A7F86 /* Supporting Files */ = {
			isa = PBXGroup;
			children = (
				138E87391CB63EF2002315E7 /* pic */,
				13F902311CA64C0B000A7F86 /* Info.plist */,
				13F902321CA64C0B000A7F86 /* main.m */,
				13EEB1EC1CA7CDEC009BEE27 /* SineWB.pch */,
			);
			name = "Supporting Files";
			sourceTree = "<group>";
		};
		13F902491CA64C0C000A7F86 /* SineWBTests */ = {
			isa = PBXGroup;
			children = (
				13F9024C1CA64C0C000A7F86 /* SineWBTests.m */,
				13F9024A1CA64C0C000A7F86 /* Supporting Files */,
			);
			path = SineWBTests;
			sourceTree = "<group>";
		};
		13F9024A1CA64C0C000A7F86 /* Supporting Files */ = {
			isa = PBXGroup;
			children = (
				13F9024B1CA64C0C000A7F86 /* Info.plist */,
			);
			name = "Supporting Files";
			sourceTree = "<group>";
		};
/* End PBXGroup section */

/* Begin PBXNativeTarget section */
		13F9022C1CA64C0B000A7F86 /* SineWB */ = {
			isa = PBXNativeTarget;
			buildConfigurationList = 13F902501CA64C0C000A7F86 /* Build configuration list for PBXNativeTarget "SineWB" */;
			buildPhases = (
				13F902291CA64C0B000A7F86 /* Sources */,
				13F9022A1CA64C0B000A7F86 /* Frameworks */,
				13F9022B1CA64C0B000A7F86 /* Resources */,
			);
			buildRules = (
			);
			dependencies = (
			);
			name = SineWB;
			productName = SineWB;
			productReference = 13F9022D1CA64C0B000A7F86 /* SineWB.app */;
			productType = "com.apple.product-type.application";
		};
		13F902451CA64C0C000A7F86 /* SineWBTests */ = {
			isa = PBXNativeTarget;
			buildConfigurationList = 13F902531CA64C0C000A7F86 /* Build configuration list for PBXNativeTarget "SineWBTests" */;
			buildPhases = (
				13F902421CA64C0C000A7F86 /* Sources */,
				13F902431CA64C0C000A7F86 /* Frameworks */,
				13F902441CA64C0C000A7F86 /* Resources */,
			);
			buildRules = (
			);
			dependencies = (
				13F902481CA64C0C000A7F86 /* PBXTargetDependency */,
			);
			name = SineWBTests;
			productName = SineWBTests;
			productReference = 13F902461CA64C0C000A7F86 /* SineWBTests.xctest */;
			productType = "com.apple.product-type.bundle.unit-test";
		};
/* End PBXNativeTarget section */

/* Begin PBXProject section */
		13F902251CA64C0B000A7F86 /* Project object */ = {
			isa = PBXProject;
			attributes = {
				LastUpgradeCheck = 0600;
				ORGANIZATIONNAME = Scuplt0413;
				TargetAttributes = {
					13F9022C1CA64C0B000A7F86 = {
						CreatedOnToolsVersion = 6.0.1;
					};
					13F902451CA64C0C000A7F86 = {
						CreatedOnToolsVersion = 6.0.1;
						TestTargetID = 13F9022C1CA64C0B000A7F86;
					};
				};
			};
			buildConfigurationList = 13F902281CA64C0B000A7F86 /* Build configuration list for PBXProject "SineWB" */;
			compatibilityVersion = "Xcode 3.2";
			developmentRegion = English;
			hasScannedForEncodings = 0;
			knownRegions = (
				en,
				Base,
			);
			mainGroup = 13F902241CA64C0B000A7F86;
			productRefGroup = 13F9022E1CA64C0B000A7F86 /* Products */;
			projectDirPath = "";
			projectRoot = "";
			targets = (
				13F9022C1CA64C0B000A7F86 /* SineWB */,
				13F902451CA64C0C000A7F86 /* SineWBTests */,
			);
		};
/* End PBXProject section */

/* Begin PBXResourcesBuildPhase section */
		13F9022B1CA64C0B000A7F86 /* Resources */ = {
			isa = PBXResourcesBuildPhase;
			buildActionMask = 2147483647;
			files = (
				13B83CC91CB36B27005B3148 /* btn_close_selected@2x.png in Resources */,
				13B83CC61CB36B27005B3148 /* btn_close_normal.png in Resources */,
				13B83CBF1CB36B27005B3148 /* MJPhotoBrowser.bundle in Resources */,
				13B83CC81CB36B27005B3148 /* btn_close_selected.png in Resources */,
				138E873D1CB63F1A002315E7 /* new_feature_3-568h@2x.png in Resources */,
				13F9023E1CA64C0C000A7F86 /* Images.xcassets in Resources */,
				13591CC71CAD14B300C09B42 /* MBProgressHUD.bundle in Resources */,
				138E873B1CB63F10002315E7 /* new_feature_2-568h@2x.png in Resources */,
				13A541011CB6002100B54425 /* MJRefresh.bundle in Resources */,
				13B83CC71CB36B27005B3148 /* btn_close_normal@2x.png in Resources */,
				138E87381CB63E66002315E7 /* new_feature_1-568h@2x.png in Resources */,
			);
			runOnlyForDeploymentPostprocessing = 0;
		};
		13F902441CA64C0C000A7F86 /* Resources */ = {
			isa = PBXResourcesBuildPhase;
			buildActionMask = 2147483647;
			files = (
			);
			runOnlyForDeploymentPostprocessing = 0;
		};
/* End PBXResourcesBuildPhase section */

/* Begin PBXSourcesBuildPhase section */
		13F902291CA64C0B000A7F86 /* Sources */ = {
			isa = PBXSourcesBuildPhase;
			buildActionMask = 2147483647;
			files = (
				13DC47081CAD74BD008209CA /* UIImageView+HighlightedWebCache.m in Sources */,
				13B83CBE1CB36B27005B3148 /* MJPhoto.m in Sources */,
				135374DD1CAE1163001B3B44 /* MJArgument.m in Sources */,
				131351741CAC1B7500D81328 /* AFHTTPRequestOperation.m in Sources */,
				139D9B541CAA72F200EDC83C /* topButton.m in Sources */,
				13B83CCA1CB36B27005B3148 /* DXAlertView.m in Sources */,
				13A541021CB6002100B54425 /* MJRefreshBaseView.m in Sources */,
				135374DE1CAE1163001B3B44 /* MJIvar.m in Sources */,
				1393CA011CB258A600120F20 /* myReweetStatusView.m in Sources */,
				1344F8F81CAE20E300E28E5E /* myTitleButton.m in Sources */,
				13EEB1EF1CA7D4FD009BEE27 /* UIImage+StringImageNamed.m in Sources */,
				13EEB1E21CA7BFFE009BEE27 /* RootDiscoverTableView_C.m in Sources */,
				13B83CC41CB36B27005B3148 /* MJPhotoView.m in Sources */,
				13B83CA61CB35CC5005B3148 /* myPhoto_View.m in Sources */,
				13E9B51E1CA8058F000980B7 /* myTabBar_V.m in Sources */,
				138EA54B1CADED65008520CD /* myUser_Model.m in Sources */,
				13DC47091CAD74BD008209CA /* UIImageView+WebCache.m in Sources */,
				84F7C0D91CA97DB800BACF26 /* myNavigation_C.m in Sources */,
				135374E01CAE1163001B3B44 /* MJMethod.m in Sources */,
				1393CE701CAE781000F88334 /* myStatusFrame.m in Sources */,
				13B83CA31CB35C0A005B3148 /* myPhotos_View.m in Sources */,
				13591CC61CAD14B300C09B42 /* MBProgressHUD+MJ.m in Sources */,
				13DC47041CAD74BD008209CA /* UIButton+WebCache.m in Sources */,
				13795B5B1CAD0585002C4D2F /* startRootSelect.m in Sources */,
				13B83CC51CB36B27005B3148 /* SDWebImageManager+MJ.m in Sources */,
				135374E51CAE1163001B3B44 /* NSObject+MJMember.m in Sources */,
				139D9B511CAA5E5D00EDC83C /* mySearchText.m in Sources */,
				135374E11CAE1163001B3B44 /* MJType.m in Sources */,
				131351761CAC1B7500D81328 /* AFHTTPSessionManager.m in Sources */,
				13B83CC11CB36B27005B3148 /* MJPhotoLoadingView.m in Sources */,
				13DC47051CAD74BD008209CA /* UIImage+GIF.m in Sources */,
				13DC47031CAD74BD008209CA /* SDWebImagePrefetcher.m in Sources */,
				13A541041CB6002100B54425 /* MJRefreshFooterView.m in Sources */,
				13A517051CAD1D86001D565C /* versions_model.m in Sources */,
				13A541031CB6002100B54425 /* MJRefreshConst.m in Sources */,
				13F902361CA64C0B000A7F86 /* AppDelegate.m in Sources */,
				13EEB1DE1CA7BFC2009BEE27 /* RootMeTableView_C.m in Sources */,
				13DC46FE1CAD74BD008209CA /* SDWebImageCompat.m in Sources */,
				13DC47001CAD74BD008209CA /* SDWebImageDownloader.m in Sources */,
				13D9213E1CB5BF20004D079B /* myComposeView_C.m in Sources */,
				13DC47011CAD74BD008209CA /* SDWebImageDownloaderOperation.m in Sources */,
				13DC46FF1CAD74BD008209CA /* SDWebImageDecoder.m in Sources */,
				13DC47021CAD74BD008209CA /* SDWebImageManager.m in Sources */,
				13D921411CB5C671004D079B /* myTextView_send.m in Sources */,
				131351771CAC1B7500D81328 /* AFNetworkReachabilityManager.m in Sources */,
				1313517C1CAC1B7500D81328 /* AFURLSessionManager.m in Sources */,
				138EA5481CADED32008520CD /* myStatus_Model.m in Sources */,
				13C22E211CA9279B00A74814 /* myBadgeButton.m in Sources */,
				1313515F1CAC046400D81328 /* myOAuthView_C.m in Sources */,
				131351791CAC1B7500D81328 /* AFURLConnectionOperation.m in Sources */,
				13DC470A1CAD74BD008209CA /* UIView+WebCacheOperation.m in Sources */,
				13B83CC31CB36B27005B3148 /* MJPhotoToolbar.m in Sources */,
				13B83CC21CB36B27005B3148 /* MJPhotoProgressView.m in Sources */,
				135374E21CAE1163001B3B44 /* MJTypeEncoding.m in Sources */,
				135374DF1CAE1163001B3B44 /* MJMember.m in Sources */,
				1313517B1CAC1B7500D81328 /* AFURLResponseSerialization.m in Sources */,
				138F99891CB202C200CEED53 /* myStatus_ToolBar.m in Sources */,
				13E41F9A1CB8071200201981 /* myCompose_Send_ToolBar_V.m in Sources */,
				13F902331CA64C0B000A7F86 /* main.m in Sources */,
				1313517A1CAC1B7500D81328 /* AFURLRequestSerialization.m in Sources */,
				133B677A1CA8E6C90031AF5C /* myButtomButton.m in Sources */,
				13EEB1E81CA7C040009BEE27 /* RootFirstTableView_C.m in Sources */,
				1344F8F51CAE20C100E28E5E /* myStatusCell.m in Sources */,
				13DC46FB1CAD74BD008209CA /* MKAnnotationView+WebCache.m in Sources */,
				13DC47061CAD74BD008209CA /* UIImage+MultiFormat.m in Sources */,
				13591CC81CAD14B300C09B42 /* MBProgressHUD.m in Sources */,
				137D177F1CB169BA00C5AC31 /* NSDate+myDate.m in Sources */,
				133E7A9E1CACC71A007436A1 /* OAuth_Model.m in Sources */,
				13DC46FC1CAD74BD008209CA /* NSData+ImageContentType.m in Sources */,
				1393CA041CB25FD600120F20 /* myTopStatusView.m in Sources */,
				13EEB1EB1CA7C10A009BEE27 /* RootTabBar_C.m in Sources */,
				13DC47071CAD74BD008209CA /* UIImage+WebP.m in Sources */,
				13A541051CB6002100B54425 /* MJRefreshHeaderView.m in Sources */,
				13EEB1E51CA7C016009BEE27 /* RootMessageTableView_C.m in Sources */,
				13BE1F2E1CB2990C009FE36F /* myPhotos_model.m in Sources */,
				135252B41CAAAB1800145A27 /* startOncePanel.m in Sources */,
				131351751CAC1B7500D81328 /* AFHTTPRequestOperationManager.m in Sources */,
				131351781CAC1B7500D81328 /* AFSecurityPolicy.m in Sources */,
				135374E31CAE1163001B3B44 /* NSObject+MJCoding.m in Sources */,
				135374E41CAE1163001B3B44 /* NSObject+MJKeyValue.m in Sources */,
				139D9B4E1CAA541400EDC83C /* UIBarButtonItem+TopLeftRight.m in Sources */,
				13B83CC01CB36B27005B3148 /* MJPhotoBrowser.m in Sources */,
				13795B5E1CAD05D2002C4D2F /* getSetAccountTool.m in Sources */,
				13DC46FD1CAD74BD008209CA /* SDImageCache.m in Sources */,
			);
			runOnlyForDeploymentPostprocessing = 0;
		};
		13F902421CA64C0C000A7F86 /* Sources */ = {
			isa = PBXSourcesBuildPhase;
			buildActionMask = 2147483647;
			files = (
				13F9024D1CA64C0C000A7F86 /* SineWBTests.m in Sources */,
			);
			runOnlyForDeploymentPostprocessing = 0;
		};
/* End PBXSourcesBuildPhase section */

/* Begin PBXTargetDependency section */
		13F902481CA64C0C000A7F86 /* PBXTargetDependency */ = {
			isa = PBXTargetDependency;
			target = 13F9022C1CA64C0B000A7F86 /* SineWB */;
			targetProxy = 13F902471CA64C0C000A7F86 /* PBXContainerItemProxy */;
		};
/* End PBXTargetDependency section */

/* Begin XCBuildConfiguration section */
		13F9024E1CA64C0C000A7F86 /* Debug */ = {
			isa = XCBuildConfiguration;
			buildSettings = {
				ALWAYS_SEARCH_USER_PATHS = NO;
				CLANG_CXX_LANGUAGE_STANDARD = "gnu++0x";
				CLANG_CXX_LIBRARY = "libc++";
				CLANG_ENABLE_MODULES = YES;
				CLANG_ENABLE_OBJC_ARC = YES;
				CLANG_WARN_BOOL_CONVERSION = YES;
				CLANG_WARN_CONSTANT_CONVERSION = YES;
				CLANG_WARN_DIRECT_OBJC_ISA_USAGE = YES_ERROR;
				CLANG_WARN_EMPTY_BODY = YES;
				CLANG_WARN_ENUM_CONVERSION = YES;
				CLANG_WARN_INT_CONVERSION = YES;
				CLANG_WARN_OBJC_ROOT_CLASS = YES_ERROR;
				CLANG_WARN_UNREACHABLE_CODE = YES;
				CLANG_WARN__DUPLICATE_METHOD_MATCH = YES;
				"CODE_SIGN_IDENTITY[sdk=iphoneos*]" = "iPhone Developer";
				COPY_PHASE_STRIP = NO;
				ENABLE_STRICT_OBJC_MSGSEND = YES;
				GCC_C_LANGUAGE_STANDARD = gnu99;
				GCC_DYNAMIC_NO_PIC = NO;
				GCC_INCREASE_PRECOMPILED_HEADER_SHARING = YES;
				GCC_OPTIMIZATION_LEVEL = 0;
				GCC_PRECOMPILE_PREFIX_HEADER = YES;
				GCC_PREFIX_HEADER = "$(SRCROOT)/SineWB/SineWB.pch";
				GCC_PREPROCESSOR_DEFINITIONS = (
					"DEBUG=1",
					"$(inherited)",
				);
				GCC_SYMBOLS_PRIVATE_EXTERN = NO;
				GCC_WARN_64_TO_32_BIT_CONVERSION = YES;
				GCC_WARN_ABOUT_RETURN_TYPE = YES_ERROR;
				GCC_WARN_UNDECLARED_SELECTOR = YES;
				GCC_WARN_UNINITIALIZED_AUTOS = YES_AGGRESSIVE;
				GCC_WARN_UNUSED_FUNCTION = YES;
				GCC_WARN_UNUSED_VARIABLE = YES;
				IPHONEOS_DEPLOYMENT_TARGET = 8.0;
				MTL_ENABLE_DEBUG_INFO = YES;
				ONLY_ACTIVE_ARCH = YES;
				SDKROOT = iphoneos;
			};
			name = Debug;
		};
		13F9024F1CA64C0C000A7F86 /* Release */ = {
			isa = XCBuildConfiguration;
			buildSettings = {
				ALWAYS_SEARCH_USER_PATHS = NO;
				CLANG_CXX_LANGUAGE_STANDARD = "gnu++0x";
				CLANG_CXX_LIBRARY = "libc++";
				CLANG_ENABLE_MODULES = YES;
				CLANG_ENABLE_OBJC_ARC = YES;
				CLANG_WARN_BOOL_CONVERSION = YES;
				CLANG_WARN_CONSTANT_CONVERSION = YES;
				CLANG_WARN_DIRECT_OBJC_ISA_USAGE = YES_ERROR;
				CLANG_WARN_EMPTY_BODY = YES;
				CLANG_WARN_ENUM_CONVERSION = YES;
				CLANG_WARN_INT_CONVERSION = YES;
				CLANG_WARN_OBJC_ROOT_CLASS = YES_ERROR;
				CLANG_WARN_UNREACHABLE_CODE = YES;
				CLANG_WARN__DUPLICATE_METHOD_MATCH = YES;
				"CODE_SIGN_IDENTITY[sdk=iphoneos*]" = "iPhone Developer";
				COPY_PHASE_STRIP = YES;
				ENABLE_NS_ASSERTIONS = NO;
				ENABLE_STRICT_OBJC_MSGSEND = YES;
				GCC_C_LANGUAGE_STANDARD = gnu99;
				GCC_INCREASE_PRECOMPILED_HEADER_SHARING = YES;
				GCC_PRECOMPILE_PREFIX_HEADER = YES;
				GCC_PREFIX_HEADER = "$(SRCROOT)/SineWB/SineWB.pch";
				GCC_WARN_64_TO_32_BIT_CONVERSION = YES;
				GCC_WARN_ABOUT_RETURN_TYPE = YES_ERROR;
				GCC_WARN_UNDECLARED_SELECTOR = YES;
				GCC_WARN_UNINITIALIZED_AUTOS = YES_AGGRESSIVE;
				GCC_WARN_UNUSED_FUNCTION = YES;
				GCC_WARN_UNUSED_VARIABLE = YES;
				IPHONEOS_DEPLOYMENT_TARGET = 8.0;
				MTL_ENABLE_DEBUG_INFO = NO;
				SDKROOT = iphoneos;
				VALIDATE_PRODUCT = YES;
			};
			name = Release;
		};
		13F902511CA64C0C000A7F86 /* Debug */ = {
			isa = XCBuildConfiguration;
			buildSettings = {
				ASSETCATALOG_COMPILER_APPICON_NAME = AppIcon;
				ASSETCATALOG_COMPILER_LAUNCHIMAGE_NAME = LaunchImage;
				GCC_INCREASE_PRECOMPILED_HEADER_SHARING = YES;
				GCC_PRECOMPILE_PREFIX_HEADER = YES;
				INFOPLIST_FILE = SineWB/Info.plist;
				LD_RUNPATH_SEARCH_PATHS = "$(inherited) @executable_path/Frameworks";
				PRODUCT_NAME = "$(TARGET_NAME)";
			};
			name = Debug;
		};
		13F902521CA64C0C000A7F86 /* Release */ = {
			isa = XCBuildConfiguration;
			buildSettings = {
				ASSETCATALOG_COMPILER_APPICON_NAME = AppIcon;
				ASSETCATALOG_COMPILER_LAUNCHIMAGE_NAME = LaunchImage;
				GCC_INCREASE_PRECOMPILED_HEADER_SHARING = YES;
				GCC_PRECOMPILE_PREFIX_HEADER = YES;
				INFOPLIST_FILE = SineWB/Info.plist;
				LD_RUNPATH_SEARCH_PATHS = "$(inherited) @executable_path/Frameworks";
				PRODUCT_NAME = "$(TARGET_NAME)";
			};
			name = Release;
		};
		13F902541CA64C0C000A7F86 /* Debug */ = {
			isa = XCBuildConfiguration;
			buildSettings = {
				BUNDLE_LOADER = "$(TEST_HOST)";
				FRAMEWORK_SEARCH_PATHS = (
					"$(SDKROOT)/Developer/Library/Frameworks",
					"$(inherited)",
				);
				GCC_PREPROCESSOR_DEFINITIONS = (
					"DEBUG=1",
					"$(inherited)",
				);
				INFOPLIST_FILE = SineWBTests/Info.plist;
				LD_RUNPATH_SEARCH_PATHS = "$(inherited) @executable_path/Frameworks @loader_path/Frameworks";
				PRODUCT_NAME = "$(TARGET_NAME)";
				TEST_HOST = "$(BUILT_PRODUCTS_DIR)/SineWB.app/SineWB";
			};
			name = Debug;
		};
		13F902551CA64C0C000A7F86 /* Release */ = {
			isa = XCBuildConfiguration;
			buildSettings = {
				BUNDLE_LOADER = "$(TEST_HOST)";
				FRAMEWORK_SEARCH_PATHS = (
					"$(SDKROOT)/Developer/Library/Frameworks",
					"$(inherited)",
				);
				INFOPLIST_FILE = SineWBTests/Info.plist;
				LD_RUNPATH_SEARCH_PATHS = "$(inherited) @executable_path/Frameworks @loader_path/Frameworks";
				PRODUCT_NAME = "$(TARGET_NAME)";
				TEST_HOST = "$(BUILT_PRODUCTS_DIR)/SineWB.app/SineWB";
			};
			name = Release;
		};
/* End XCBuildConfiguration section */

/* Begin XCConfigurationList section */
		13F902281CA64C0B000A7F86 /* Build configuration list for PBXProject "SineWB" */ = {
			isa = XCConfigurationList;
			buildConfigurations = (
				13F9024E1CA64C0C000A7F86 /* Debug */,
				13F9024F1CA64C0C000A7F86 /* Release */,
			);
			defaultConfigurationIsVisible = 0;
			defaultConfigurationName = Release;
		};
		13F902501CA64C0C000A7F86 /* Build configuration list for PBXNativeTarget "SineWB" */ = {
			isa = XCConfigurationList;
			buildConfigurations = (
				13F902511CA64C0C000A7F86 /* Debug */,
				13F902521CA64C0C000A7F86 /* Release */,
			);
			defaultConfigurationIsVisible = 0;
			defaultConfigurationName = Release;
		};
		13F902531CA64C0C000A7F86 /* Build configuration list for PBXNativeTarget "SineWBTests" */ = {
			isa = XCConfigurationList;
			buildConfigurations = (
				13F902541CA64C0C000A7F86 /* Debug */,
				13F902551CA64C0C000A7F86 /* Release */,
			);
			defaultConfigurationIsVisible = 0;
			defaultConfigurationName = Release;
		};
/* End XCConfigurationList section */
	};
	rootObject = 13F902251CA64C0B000A7F86 /* Project object */;
}
